// !$*UTF8*$!
{
	archiveVersion = 1;
	classes = {
	};
	objectVersion = 56;
	objects = {

/* Begin PBXBuildFile section */
		F314F16E29A815D800AD5A1A /* StatisticsTableViewCell.swift in Sources */ = {isa = PBXBuildFile; fileRef = F314F16D29A815D800AD5A1A /* StatisticsTableViewCell.swift */; };
		F330A929298C4EA7006C8145 /* InfoBook.swift in Sources */ = {isa = PBXBuildFile; fileRef = F330A928298C4EA7006C8145 /* InfoBook.swift */; };
		F330A92B298C5219006C8145 /* ResultInfoBook.swift in Sources */ = {isa = PBXBuildFile; fileRef = F330A92A298C5219006C8145 /* ResultInfoBook.swift */; };
		F330A92D298C52AC006C8145 /* DescriptionBook.swift in Sources */ = {isa = PBXBuildFile; fileRef = F330A92C298C52AC006C8145 /* DescriptionBook.swift */; };
		F330A9332990096C006C8145 /* Author.swift in Sources */ = {isa = PBXBuildFile; fileRef = F330A9322990096C006C8145 /* Author.swift */; };
		F330A93529901E07006C8145 /* AuthorWorks.swift in Sources */ = {isa = PBXBuildFile; fileRef = F330A93429901E07006C8145 /* AuthorWorks.swift */; };
		F330A9372992FB46006C8145 /* TBRTableViewController.swift in Sources */ = {isa = PBXBuildFile; fileRef = F330A9362992FB46006C8145 /* TBRTableViewController.swift */; };
		F330A93929941213006C8145 /* ReadTableViewController.swift in Sources */ = {isa = PBXBuildFile; fileRef = F330A93829941213006C8145 /* ReadTableViewController.swift */; };
		F36FB5E5296C8E9C00D870DC /* Main.storyboard in Resources */ = {isa = PBXBuildFile; fileRef = F36FB5E4296C8E9C00D870DC /* Main.storyboard */; };
		F36FB5E7296C910500D870DC /* HomeTableViewController.swift in Sources */ = {isa = PBXBuildFile; fileRef = F36FB5E6296C910500D870DC /* HomeTableViewController.swift */; };
		F383C0EF294FB77300D0C766 /* AppDelegate.swift in Sources */ = {isa = PBXBuildFile; fileRef = F383C0EE294FB77300D0C766 /* AppDelegate.swift */; };
		F383C0F1294FB77300D0C766 /* SceneDelegate.swift in Sources */ = {isa = PBXBuildFile; fileRef = F383C0F0294FB77300D0C766 /* SceneDelegate.swift */; };
		F383C0F6294FB77300D0C766 /* Login.storyboard in Resources */ = {isa = PBXBuildFile; fileRef = F383C0F4294FB77300D0C766 /* Login.storyboard */; };
		F383C0F8294FB77500D0C766 /* Assets.xcassets in Resources */ = {isa = PBXBuildFile; fileRef = F383C0F7294FB77500D0C766 /* Assets.xcassets */; };
		F383C0FB294FB77500D0C766 /* LaunchScreen.storyboard in Resources */ = {isa = PBXBuildFile; fileRef = F383C0F9294FB77500D0C766 /* LaunchScreen.storyboard */; };
		F383C103294FBA7400D0C766 /* GoogleService-Info.plist in Resources */ = {isa = PBXBuildFile; fileRef = F383C102294FBA7400D0C766 /* GoogleService-Info.plist */; };
		F383C106294FBB9900D0C766 /* FirebaseAnalytics in Frameworks */ = {isa = PBXBuildFile; productRef = F383C105294FBB9900D0C766 /* FirebaseAnalytics */; };
		F383C108294FBB9900D0C766 /* FirebaseAnalyticsOnDeviceConversion in Frameworks */ = {isa = PBXBuildFile; productRef = F383C107294FBB9900D0C766 /* FirebaseAnalyticsOnDeviceConversion */; };
		F383C10A294FBB9900D0C766 /* FirebaseAnalyticsSwift in Frameworks */ = {isa = PBXBuildFile; productRef = F383C109294FBB9900D0C766 /* FirebaseAnalyticsSwift */; };
		F383C10C294FBB9900D0C766 /* FirebaseAnalyticsWithoutAdIdSupport in Frameworks */ = {isa = PBXBuildFile; productRef = F383C10B294FBB9900D0C766 /* FirebaseAnalyticsWithoutAdIdSupport */; };
		F383C10E294FBB9900D0C766 /* FirebaseAppCheck in Frameworks */ = {isa = PBXBuildFile; productRef = F383C10D294FBB9900D0C766 /* FirebaseAppCheck */; };
		F383C110294FBB9900D0C766 /* FirebaseAppDistribution-Beta in Frameworks */ = {isa = PBXBuildFile; productRef = F383C10F294FBB9900D0C766 /* FirebaseAppDistribution-Beta */; };
		F383C112294FBB9900D0C766 /* FirebaseAuth in Frameworks */ = {isa = PBXBuildFile; productRef = F383C111294FBB9900D0C766 /* FirebaseAuth */; };
		F383C114294FBB9900D0C766 /* FirebaseAuthCombine-Community in Frameworks */ = {isa = PBXBuildFile; productRef = F383C113294FBB9900D0C766 /* FirebaseAuthCombine-Community */; };
		F383C116294FBB9900D0C766 /* FirebaseCrashlytics in Frameworks */ = {isa = PBXBuildFile; productRef = F383C115294FBB9900D0C766 /* FirebaseCrashlytics */; };
		F383C118294FBB9900D0C766 /* FirebaseDatabase in Frameworks */ = {isa = PBXBuildFile; productRef = F383C117294FBB9900D0C766 /* FirebaseDatabase */; };
		F383C11A294FBB9900D0C766 /* FirebaseDatabaseSwift in Frameworks */ = {isa = PBXBuildFile; productRef = F383C119294FBB9900D0C766 /* FirebaseDatabaseSwift */; };
		F383C11C294FBB9900D0C766 /* FirebaseDynamicLinks in Frameworks */ = {isa = PBXBuildFile; productRef = F383C11B294FBB9900D0C766 /* FirebaseDynamicLinks */; };
		F383C11E294FBB9900D0C766 /* FirebaseFirestore in Frameworks */ = {isa = PBXBuildFile; productRef = F383C11D294FBB9900D0C766 /* FirebaseFirestore */; };
		F383C120294FBB9900D0C766 /* FirebaseFirestoreCombine-Community in Frameworks */ = {isa = PBXBuildFile; productRef = F383C11F294FBB9900D0C766 /* FirebaseFirestoreCombine-Community */; };
		F383C122294FBB9900D0C766 /* FirebaseFirestoreSwift in Frameworks */ = {isa = PBXBuildFile; productRef = F383C121294FBB9900D0C766 /* FirebaseFirestoreSwift */; };
		F383C124294FBB9900D0C766 /* FirebaseFunctions in Frameworks */ = {isa = PBXBuildFile; productRef = F383C123294FBB9900D0C766 /* FirebaseFunctions */; };
		F383C126294FBB9900D0C766 /* FirebaseFunctionsCombine-Community in Frameworks */ = {isa = PBXBuildFile; productRef = F383C125294FBB9900D0C766 /* FirebaseFunctionsCombine-Community */; };
		F383C128294FBB9900D0C766 /* FirebaseInAppMessaging-Beta in Frameworks */ = {isa = PBXBuildFile; productRef = F383C127294FBB9900D0C766 /* FirebaseInAppMessaging-Beta */; };
		F383C12A294FBB9900D0C766 /* FirebaseInAppMessagingSwift-Beta in Frameworks */ = {isa = PBXBuildFile; productRef = F383C129294FBB9900D0C766 /* FirebaseInAppMessagingSwift-Beta */; };
		F383C12C294FBB9900D0C766 /* FirebaseInstallations in Frameworks */ = {isa = PBXBuildFile; productRef = F383C12B294FBB9900D0C766 /* FirebaseInstallations */; };
		F383C12E294FBB9900D0C766 /* FirebaseMLModelDownloader in Frameworks */ = {isa = PBXBuildFile; productRef = F383C12D294FBB9900D0C766 /* FirebaseMLModelDownloader */; };
		F383C130294FBB9900D0C766 /* FirebaseMessaging in Frameworks */ = {isa = PBXBuildFile; productRef = F383C12F294FBB9900D0C766 /* FirebaseMessaging */; };
		F383C132294FBB9900D0C766 /* FirebasePerformance in Frameworks */ = {isa = PBXBuildFile; productRef = F383C131294FBB9900D0C766 /* FirebasePerformance */; };
		F383C134294FBB9900D0C766 /* FirebaseRemoteConfig in Frameworks */ = {isa = PBXBuildFile; productRef = F383C133294FBB9900D0C766 /* FirebaseRemoteConfig */; };
		F383C136294FBB9900D0C766 /* FirebaseRemoteConfigSwift in Frameworks */ = {isa = PBXBuildFile; productRef = F383C135294FBB9900D0C766 /* FirebaseRemoteConfigSwift */; };
		F383C138294FBB9900D0C766 /* FirebaseStorage in Frameworks */ = {isa = PBXBuildFile; productRef = F383C137294FBB9900D0C766 /* FirebaseStorage */; };
		F383C13A294FBB9900D0C766 /* FirebaseStorageCombine-Community in Frameworks */ = {isa = PBXBuildFile; productRef = F383C139294FBB9900D0C766 /* FirebaseStorageCombine-Community */; };
		F394211A299AA9ED00516006 /* Cosmos in Frameworks */ = {isa = PBXBuildFile; productRef = F3942119299AA9ED00516006 /* Cosmos */; };
		F3ADE20229A5FF58009C5E6F /* SubjectTableViewController.swift in Sources */ = {isa = PBXBuildFile; fileRef = F3ADE20129A5FF58009C5E6F /* SubjectTableViewController.swift */; };
		F3B290FB2963445800934701 /* WelcomeViewController.swift in Sources */ = {isa = PBXBuildFile; fileRef = F3B290FA2963445700934701 /* WelcomeViewController.swift */; };
		F3B290FD29635A9100934701 /* SignInViewController.swift in Sources */ = {isa = PBXBuildFile; fileRef = F3B290FC29635A9100934701 /* SignInViewController.swift */; };
		F3B290FF29635AB800934701 /* RegisterViewController.swift in Sources */ = {isa = PBXBuildFile; fileRef = F3B290FE29635AB800934701 /* RegisterViewController.swift */; };
		F3DA25B629787A6B00EAFB8A /* Alamofire in Frameworks */ = {isa = PBXBuildFile; productRef = F3DA25B529787A6B00EAFB8A /* Alamofire */; };
		F3DA25BE2978989000EAFB8A /* Book.swift in Sources */ = {isa = PBXBuildFile; fileRef = F3DA25BD2978989000EAFB8A /* Book.swift */; };
		F3DA25C029789AB600EAFB8A /* Books.swift in Sources */ = {isa = PBXBuildFile; fileRef = F3DA25BF29789AB600EAFB8A /* Books.swift */; };
		F3DA25C42979CC7700EAFB8A /* BookTableViewCell.swift in Sources */ = {isa = PBXBuildFile; fileRef = F3DA25C32979CC7700EAFB8A /* BookTableViewCell.swift */; };
		F3E3198C298079CF0070E0AA /* AlamofireImage in Frameworks */ = {isa = PBXBuildFile; productRef = F3E3198B298079CF0070E0AA /* AlamofireImage */; };
		F3E3198E2981BB0F0070E0AA /* ProfileTableViewController.swift in Sources */ = {isa = PBXBuildFile; fileRef = F3E3198D2981BB0F0070E0AA /* ProfileTableViewController.swift */; };
		F3E319922986A08E0070E0AA /* SearchResultsTableViewController.swift in Sources */ = {isa = PBXBuildFile; fileRef = F3E319912986A08E0070E0AA /* SearchResultsTableViewController.swift */; };
		F3E319942986EB400070E0AA /* ResultBooks.swift in Sources */ = {isa = PBXBuildFile; fileRef = F3E319932986EB3F0070E0AA /* ResultBooks.swift */; };
		F3EBFBED29A2B39D00AA55A4 /* BookCollectionViewCell.swift in Sources */ = {isa = PBXBuildFile; fileRef = F3EBFBEC29A2B39D00AA55A4 /* BookCollectionViewCell.swift */; };
		F3EBFBEF29A2B3CA00AA55A4 /* MoreBooksTableViewCell.swift in Sources */ = {isa = PBXBuildFile; fileRef = F3EBFBEE29A2B3CA00AA55A4 /* MoreBooksTableViewCell.swift */; };
		F3EBFBF529A3E84000AA55A4 /* DetailBookTableViewController.swift in Sources */ = {isa = PBXBuildFile; fileRef = F3EBFBF429A3E84000AA55A4 /* DetailBookTableViewController.swift */; };
		F3EBFBF729A4068400AA55A4 /* Comment.swift in Sources */ = {isa = PBXBuildFile; fileRef = F3EBFBF629A4068400AA55A4 /* Comment.swift */; };
		F3EBFBFB29A5E85A00AA55A4 /* DetailAuthorTableViewController.swift in Sources */ = {isa = PBXBuildFile; fileRef = F3EBFBFA29A5E85A00AA55A4 /* DetailAuthorTableViewController.swift */; };
		F3EC384729A296CF00093161 /* HeaderTableViewCell.swift in Sources */ = {isa = PBXBuildFile; fileRef = F3EC384629A296CF00093161 /* HeaderTableViewCell.swift */; };
		F3EC384929A2981300093161 /* DetailsTableViewCell.swift in Sources */ = {isa = PBXBuildFile; fileRef = F3EC384829A2981300093161 /* DetailsTableViewCell.swift */; };
		F3EC384B29A2989600093161 /* DescriptionTableViewCell.swift in Sources */ = {isa = PBXBuildFile; fileRef = F3EC384A29A2989600093161 /* DescriptionTableViewCell.swift */; };
		F3EC384D29A29B4400093161 /* SubjectsTableViewCell.swift in Sources */ = {isa = PBXBuildFile; fileRef = F3EC384C29A29B4400093161 /* SubjectsTableViewCell.swift */; };
		F3EC384F29A29C2300093161 /* ReviewTableViewCell.swift in Sources */ = {isa = PBXBuildFile; fileRef = F3EC384E29A29C2300093161 /* ReviewTableViewCell.swift */; };
		F3EC385129A2A01900093161 /* CommentsTableViewCell.swift in Sources */ = {isa = PBXBuildFile; fileRef = F3EC385029A2A01900093161 /* CommentsTableViewCell.swift */; };
		F3EC385329A2A1A200093161 /* AuthorHeaderTableViewCell.swift in Sources */ = {isa = PBXBuildFile; fileRef = F3EC385229A2A1A200093161 /* AuthorHeaderTableViewCell.swift */; };
		F3EC385529A2A2D900093161 /* BioTableViewCell.swift in Sources */ = {isa = PBXBuildFile; fileRef = F3EC385429A2A2D900093161 /* BioTableViewCell.swift */; };
		F3EC385729A2A32A00093161 /* AlternativeNamesTableViewCell.swift in Sources */ = {isa = PBXBuildFile; fileRef = F3EC385629A2A32A00093161 /* AlternativeNamesTableViewCell.swift */; };
/* End PBXBuildFile section */

/* Begin PBXFileReference section */
		F314F16D29A815D800AD5A1A /* StatisticsTableViewCell.swift */ = {isa = PBXFileReference; lastKnownFileType = sourcecode.swift; path = StatisticsTableViewCell.swift; sourceTree = "<group>"; };
		F330A928298C4EA7006C8145 /* InfoBook.swift */ = {isa = PBXFileReference; lastKnownFileType = sourcecode.swift; path = InfoBook.swift; sourceTree = "<group>"; };
		F330A92A298C5219006C8145 /* ResultInfoBook.swift */ = {isa = PBXFileReference; lastKnownFileType = sourcecode.swift; path = ResultInfoBook.swift; sourceTree = "<group>"; };
		F330A92C298C52AC006C8145 /* DescriptionBook.swift */ = {isa = PBXFileReference; lastKnownFileType = sourcecode.swift; path = DescriptionBook.swift; sourceTree = "<group>"; };
		F330A9322990096C006C8145 /* Author.swift */ = {isa = PBXFileReference; lastKnownFileType = sourcecode.swift; path = Author.swift; sourceTree = "<group>"; };
		F330A93429901E07006C8145 /* AuthorWorks.swift */ = {isa = PBXFileReference; lastKnownFileType = sourcecode.swift; path = AuthorWorks.swift; sourceTree = "<group>"; };
		F330A9362992FB46006C8145 /* TBRTableViewController.swift */ = {isa = PBXFileReference; lastKnownFileType = sourcecode.swift; path = TBRTableViewController.swift; sourceTree = "<group>"; };
		F330A93829941213006C8145 /* ReadTableViewController.swift */ = {isa = PBXFileReference; lastKnownFileType = sourcecode.swift; path = ReadTableViewController.swift; sourceTree = "<group>"; };
		F36FB5E4296C8E9C00D870DC /* Main.storyboard */ = {isa = PBXFileReference; lastKnownFileType = file.storyboard; path = Main.storyboard; sourceTree = "<group>"; };
		F36FB5E6296C910500D870DC /* HomeTableViewController.swift */ = {isa = PBXFileReference; lastKnownFileType = sourcecode.swift; path = HomeTableViewController.swift; sourceTree = "<group>"; };
		F383C0EB294FB77300D0C766 /* bookworm.app */ = {isa = PBXFileReference; explicitFileType = wrapper.application; includeInIndex = 0; path = bookworm.app; sourceTree = BUILT_PRODUCTS_DIR; };
		F383C0EE294FB77300D0C766 /* AppDelegate.swift */ = {isa = PBXFileReference; lastKnownFileType = sourcecode.swift; path = AppDelegate.swift; sourceTree = "<group>"; };
		F383C0F0294FB77300D0C766 /* SceneDelegate.swift */ = {isa = PBXFileReference; lastKnownFileType = sourcecode.swift; path = SceneDelegate.swift; sourceTree = "<group>"; };
		F383C0F5294FB77300D0C766 /* Base */ = {isa = PBXFileReference; lastKnownFileType = file.storyboard; name = Base; path = Base.lproj/Login.storyboard; sourceTree = "<group>"; };
		F383C0F7294FB77500D0C766 /* Assets.xcassets */ = {isa = PBXFileReference; lastKnownFileType = folder.assetcatalog; path = Assets.xcassets; sourceTree = "<group>"; };
		F383C0FA294FB77500D0C766 /* Base */ = {isa = PBXFileReference; lastKnownFileType = file.storyboard; name = Base; path = Base.lproj/LaunchScreen.storyboard; sourceTree = "<group>"; };
		F383C0FC294FB77500D0C766 /* Info.plist */ = {isa = PBXFileReference; lastKnownFileType = text.plist.xml; path = Info.plist; sourceTree = "<group>"; };
		F383C102294FBA7400D0C766 /* GoogleService-Info.plist */ = {isa = PBXFileReference; fileEncoding = 4; lastKnownFileType = text.plist.xml; path = "GoogleService-Info.plist"; sourceTree = "<group>"; };
		F3ADE20129A5FF58009C5E6F /* SubjectTableViewController.swift */ = {isa = PBXFileReference; lastKnownFileType = sourcecode.swift; path = SubjectTableViewController.swift; sourceTree = "<group>"; };
		F3B290FA2963445700934701 /* WelcomeViewController.swift */ = {isa = PBXFileReference; lastKnownFileType = sourcecode.swift; path = WelcomeViewController.swift; sourceTree = "<group>"; };
		F3B290FC29635A9100934701 /* SignInViewController.swift */ = {isa = PBXFileReference; lastKnownFileType = sourcecode.swift; path = SignInViewController.swift; sourceTree = "<group>"; };
		F3B290FE29635AB800934701 /* RegisterViewController.swift */ = {isa = PBXFileReference; lastKnownFileType = sourcecode.swift; path = RegisterViewController.swift; sourceTree = "<group>"; };
		F3DA25BD2978989000EAFB8A /* Book.swift */ = {isa = PBXFileReference; lastKnownFileType = sourcecode.swift; path = Book.swift; sourceTree = "<group>"; };
		F3DA25BF29789AB600EAFB8A /* Books.swift */ = {isa = PBXFileReference; lastKnownFileType = sourcecode.swift; path = Books.swift; sourceTree = "<group>"; };
		F3DA25C32979CC7700EAFB8A /* BookTableViewCell.swift */ = {isa = PBXFileReference; lastKnownFileType = sourcecode.swift; path = BookTableViewCell.swift; sourceTree = "<group>"; };
		F3E3198D2981BB0F0070E0AA /* ProfileTableViewController.swift */ = {isa = PBXFileReference; lastKnownFileType = sourcecode.swift; path = ProfileTableViewController.swift; sourceTree = "<group>"; };
		F3E319912986A08E0070E0AA /* SearchResultsTableViewController.swift */ = {isa = PBXFileReference; lastKnownFileType = sourcecode.swift; path = SearchResultsTableViewController.swift; sourceTree = "<group>"; };
		F3E319932986EB3F0070E0AA /* ResultBooks.swift */ = {isa = PBXFileReference; lastKnownFileType = sourcecode.swift; path = ResultBooks.swift; sourceTree = "<group>"; };
		F3EBFBEC29A2B39D00AA55A4 /* BookCollectionViewCell.swift */ = {isa = PBXFileReference; lastKnownFileType = sourcecode.swift; path = BookCollectionViewCell.swift; sourceTree = "<group>"; };
		F3EBFBEE29A2B3CA00AA55A4 /* MoreBooksTableViewCell.swift */ = {isa = PBXFileReference; lastKnownFileType = sourcecode.swift; path = MoreBooksTableViewCell.swift; sourceTree = "<group>"; };
		F3EBFBF429A3E84000AA55A4 /* DetailBookTableViewController.swift */ = {isa = PBXFileReference; lastKnownFileType = sourcecode.swift; path = DetailBookTableViewController.swift; sourceTree = "<group>"; };
		F3EBFBF629A4068400AA55A4 /* Comment.swift */ = {isa = PBXFileReference; lastKnownFileType = sourcecode.swift; path = Comment.swift; sourceTree = "<group>"; };
		F3EBFBFA29A5E85A00AA55A4 /* DetailAuthorTableViewController.swift */ = {isa = PBXFileReference; lastKnownFileType = sourcecode.swift; path = DetailAuthorTableViewController.swift; sourceTree = "<group>"; };
		F3EC384629A296CF00093161 /* HeaderTableViewCell.swift */ = {isa = PBXFileReference; lastKnownFileType = sourcecode.swift; path = HeaderTableViewCell.swift; sourceTree = "<group>"; };
		F3EC384829A2981300093161 /* DetailsTableViewCell.swift */ = {isa = PBXFileReference; lastKnownFileType = sourcecode.swift; path = DetailsTableViewCell.swift; sourceTree = "<group>"; };
		F3EC384A29A2989600093161 /* DescriptionTableViewCell.swift */ = {isa = PBXFileReference; lastKnownFileType = sourcecode.swift; path = DescriptionTableViewCell.swift; sourceTree = "<group>"; };
		F3EC384C29A29B4400093161 /* SubjectsTableViewCell.swift */ = {isa = PBXFileReference; lastKnownFileType = sourcecode.swift; path = SubjectsTableViewCell.swift; sourceTree = "<group>"; };
		F3EC384E29A29C2300093161 /* ReviewTableViewCell.swift */ = {isa = PBXFileReference; lastKnownFileType = sourcecode.swift; path = ReviewTableViewCell.swift; sourceTree = "<group>"; };
		F3EC385029A2A01900093161 /* CommentsTableViewCell.swift */ = {isa = PBXFileReference; lastKnownFileType = sourcecode.swift; path = CommentsTableViewCell.swift; sourceTree = "<group>"; };
		F3EC385229A2A1A200093161 /* AuthorHeaderTableViewCell.swift */ = {isa = PBXFileReference; lastKnownFileType = sourcecode.swift; path = AuthorHeaderTableViewCell.swift; sourceTree = "<group>"; };
		F3EC385429A2A2D900093161 /* BioTableViewCell.swift */ = {isa = PBXFileReference; lastKnownFileType = sourcecode.swift; path = BioTableViewCell.swift; sourceTree = "<group>"; };
		F3EC385629A2A32A00093161 /* AlternativeNamesTableViewCell.swift */ = {isa = PBXFileReference; lastKnownFileType = sourcecode.swift; path = AlternativeNamesTableViewCell.swift; sourceTree = "<group>"; };
/* End PBXFileReference section */

/* Begin PBXFrameworksBuildPhase section */
		F383C0E8294FB77300D0C766 /* Frameworks */ = {
			isa = PBXFrameworksBuildPhase;
			buildActionMask = 2147483647;
			files = (
				F394211A299AA9ED00516006 /* Cosmos in Frameworks */,
				F383C118294FBB9900D0C766 /* FirebaseDatabase in Frameworks */,
				F3DA25B629787A6B00EAFB8A /* Alamofire in Frameworks */,
				F383C126294FBB9900D0C766 /* FirebaseFunctionsCombine-Community in Frameworks */,
				F383C11E294FBB9900D0C766 /* FirebaseFirestore in Frameworks */,
				F3E3198C298079CF0070E0AA /* AlamofireImage in Frameworks */,
				F383C10A294FBB9900D0C766 /* FirebaseAnalyticsSwift in Frameworks */,
				F383C106294FBB9900D0C766 /* FirebaseAnalytics in Frameworks */,
				F383C108294FBB9900D0C766 /* FirebaseAnalyticsOnDeviceConversion in Frameworks */,
				F383C12E294FBB9900D0C766 /* FirebaseMLModelDownloader in Frameworks */,
				F383C122294FBB9900D0C766 /* FirebaseFirestoreSwift in Frameworks */,
				F383C10E294FBB9900D0C766 /* FirebaseAppCheck in Frameworks */,
				F383C10C294FBB9900D0C766 /* FirebaseAnalyticsWithoutAdIdSupport in Frameworks */,
				F383C112294FBB9900D0C766 /* FirebaseAuth in Frameworks */,
				F383C116294FBB9900D0C766 /* FirebaseCrashlytics in Frameworks */,
				F383C136294FBB9900D0C766 /* FirebaseRemoteConfigSwift in Frameworks */,
				F383C128294FBB9900D0C766 /* FirebaseInAppMessaging-Beta in Frameworks */,
				F383C11A294FBB9900D0C766 /* FirebaseDatabaseSwift in Frameworks */,
				F383C124294FBB9900D0C766 /* FirebaseFunctions in Frameworks */,
				F383C13A294FBB9900D0C766 /* FirebaseStorageCombine-Community in Frameworks */,
				F383C134294FBB9900D0C766 /* FirebaseRemoteConfig in Frameworks */,
				F383C110294FBB9900D0C766 /* FirebaseAppDistribution-Beta in Frameworks */,
				F383C114294FBB9900D0C766 /* FirebaseAuthCombine-Community in Frameworks */,
				F383C132294FBB9900D0C766 /* FirebasePerformance in Frameworks */,
				F383C12A294FBB9900D0C766 /* FirebaseInAppMessagingSwift-Beta in Frameworks */,
				F383C138294FBB9900D0C766 /* FirebaseStorage in Frameworks */,
				F383C11C294FBB9900D0C766 /* FirebaseDynamicLinks in Frameworks */,
				F383C120294FBB9900D0C766 /* FirebaseFirestoreCombine-Community in Frameworks */,
				F383C130294FBB9900D0C766 /* FirebaseMessaging in Frameworks */,
				F383C12C294FBB9900D0C766 /* FirebaseInstallations in Frameworks */,
			);
			runOnlyForDeploymentPostprocessing = 0;
		};
/* End PBXFrameworksBuildPhase section */

/* Begin PBXGroup section */
		F383C0E2294FB77300D0C766 = {
			isa = PBXGroup;
			children = (
				F383C0ED294FB77300D0C766 /* bookworm */,
				F383C0EC294FB77300D0C766 /* Products */,
			);
			sourceTree = "<group>";
		};
		F383C0EC294FB77300D0C766 /* Products */ = {
			isa = PBXGroup;
			children = (
				F383C0EB294FB77300D0C766 /* bookworm.app */,
			);
			name = Products;
			sourceTree = "<group>";
		};
		F383C0ED294FB77300D0C766 /* bookworm */ = {
			isa = PBXGroup;
			children = (
				F383C0EE294FB77300D0C766 /* AppDelegate.swift */,
				F383C0F0294FB77300D0C766 /* SceneDelegate.swift */,
				F383C0F4294FB77300D0C766 /* Login.storyboard */,
				F36FB5E4296C8E9C00D870DC /* Main.storyboard */,
				F3EBFBF129A3DCA300AA55A4 /* Cells */,
				F3EBFBF229A3DD1F00AA55A4 /* Controllers */,
				F3EBFBF329A3DD3C00AA55A4 /* Structs */,
				F383C0F7294FB77500D0C766 /* Assets.xcassets */,
				F383C0F9294FB77500D0C766 /* LaunchScreen.storyboard */,
				F383C0FC294FB77500D0C766 /* Info.plist */,
				F383C102294FBA7400D0C766 /* GoogleService-Info.plist */,
			);
			path = bookworm;
			sourceTree = "<group>";
		};
		F3EBFBF129A3DCA300AA55A4 /* Cells */ = {
			isa = PBXGroup;
			children = (
				F3EC384629A296CF00093161 /* HeaderTableViewCell.swift */,
				F3EC384829A2981300093161 /* DetailsTableViewCell.swift */,
				F3EC384A29A2989600093161 /* DescriptionTableViewCell.swift */,
				F3EC384C29A29B4400093161 /* SubjectsTableViewCell.swift */,
				F3EC384E29A29C2300093161 /* ReviewTableViewCell.swift */,
				F3EC385029A2A01900093161 /* CommentsTableViewCell.swift */,
				F3EC385229A2A1A200093161 /* AuthorHeaderTableViewCell.swift */,
				F3EC385429A2A2D900093161 /* BioTableViewCell.swift */,
				F3EC385629A2A32A00093161 /* AlternativeNamesTableViewCell.swift */,
				F3EBFBEE29A2B3CA00AA55A4 /* MoreBooksTableViewCell.swift */,
				F3EBFBEC29A2B39D00AA55A4 /* BookCollectionViewCell.swift */,
				F3DA25C32979CC7700EAFB8A /* BookTableViewCell.swift */,
				F314F16D29A815D800AD5A1A /* StatisticsTableViewCell.swift */,
			);
			path = Cells;
			sourceTree = "<group>";
		};
		F3EBFBF229A3DD1F00AA55A4 /* Controllers */ = {
			isa = PBXGroup;
			children = (
				F3B290FA2963445700934701 /* WelcomeViewController.swift */,
				F3B290FC29635A9100934701 /* SignInViewController.swift */,
				F3B290FE29635AB800934701 /* RegisterViewController.swift */,
				F36FB5E6296C910500D870DC /* HomeTableViewController.swift */,
				F3E319912986A08E0070E0AA /* SearchResultsTableViewController.swift */,
				F330A9362992FB46006C8145 /* TBRTableViewController.swift */,
				F330A93829941213006C8145 /* ReadTableViewController.swift */,
				F3E3198D2981BB0F0070E0AA /* ProfileTableViewController.swift */,
				F3EBFBF429A3E84000AA55A4 /* DetailBookTableViewController.swift */,
				F3EBFBFA29A5E85A00AA55A4 /* DetailAuthorTableViewController.swift */,
				F3ADE20129A5FF58009C5E6F /* SubjectTableViewController.swift */,
			);
			path = Controllers;
			sourceTree = "<group>";
		};
		F3EBFBF329A3DD3C00AA55A4 /* Structs */ = {
			isa = PBXGroup;
			children = (
				F3DA25BD2978989000EAFB8A /* Book.swift */,
				F3DA25BF29789AB600EAFB8A /* Books.swift */,
				F3E319932986EB3F0070E0AA /* ResultBooks.swift */,
				F330A928298C4EA7006C8145 /* InfoBook.swift */,
				F330A92A298C5219006C8145 /* ResultInfoBook.swift */,
				F330A92C298C52AC006C8145 /* DescriptionBook.swift */,
				F330A9322990096C006C8145 /* Author.swift */,
				F330A93429901E07006C8145 /* AuthorWorks.swift */,
				F3EBFBF629A4068400AA55A4 /* Comment.swift */,
			);
			path = Structs;
			sourceTree = "<group>";
		};
/* End PBXGroup section */

/* Begin PBXNativeTarget section */
		F383C0EA294FB77300D0C766 /* bookworm */ = {
			isa = PBXNativeTarget;
			buildConfigurationList = F383C0FF294FB77500D0C766 /* Build configuration list for PBXNativeTarget "bookworm" */;
			buildPhases = (
				F383C0E7294FB77300D0C766 /* Sources */,
				F383C0E8294FB77300D0C766 /* Frameworks */,
				F383C0E9294FB77300D0C766 /* Resources */,
			);
			buildRules = (
			);
			dependencies = (
			);
			name = bookworm;
			packageProductDependencies = (
				F383C105294FBB9900D0C766 /* FirebaseAnalytics */,
				F383C107294FBB9900D0C766 /* FirebaseAnalyticsOnDeviceConversion */,
				F383C109294FBB9900D0C766 /* FirebaseAnalyticsSwift */,
				F383C10B294FBB9900D0C766 /* FirebaseAnalyticsWithoutAdIdSupport */,
				F383C10D294FBB9900D0C766 /* FirebaseAppCheck */,
				F383C10F294FBB9900D0C766 /* FirebaseAppDistribution-Beta */,
				F383C111294FBB9900D0C766 /* FirebaseAuth */,
				F383C113294FBB9900D0C766 /* FirebaseAuthCombine-Community */,
				F383C115294FBB9900D0C766 /* FirebaseCrashlytics */,
				F383C117294FBB9900D0C766 /* FirebaseDatabase */,
				F383C119294FBB9900D0C766 /* FirebaseDatabaseSwift */,
				F383C11B294FBB9900D0C766 /* FirebaseDynamicLinks */,
				F383C11D294FBB9900D0C766 /* FirebaseFirestore */,
				F383C11F294FBB9900D0C766 /* FirebaseFirestoreCombine-Community */,
				F383C121294FBB9900D0C766 /* FirebaseFirestoreSwift */,
				F383C123294FBB9900D0C766 /* FirebaseFunctions */,
				F383C125294FBB9900D0C766 /* FirebaseFunctionsCombine-Community */,
				F383C127294FBB9900D0C766 /* FirebaseInAppMessaging-Beta */,
				F383C129294FBB9900D0C766 /* FirebaseInAppMessagingSwift-Beta */,
				F383C12B294FBB9900D0C766 /* FirebaseInstallations */,
				F383C12D294FBB9900D0C766 /* FirebaseMLModelDownloader */,
				F383C12F294FBB9900D0C766 /* FirebaseMessaging */,
				F383C131294FBB9900D0C766 /* FirebasePerformance */,
				F383C133294FBB9900D0C766 /* FirebaseRemoteConfig */,
				F383C135294FBB9900D0C766 /* FirebaseRemoteConfigSwift */,
				F383C137294FBB9900D0C766 /* FirebaseStorage */,
				F383C139294FBB9900D0C766 /* FirebaseStorageCombine-Community */,
				F3DA25B529787A6B00EAFB8A /* Alamofire */,
				F3E3198B298079CF0070E0AA /* AlamofireImage */,
				F3942119299AA9ED00516006 /* Cosmos */,
			);
			productName = bookworm;
			productReference = F383C0EB294FB77300D0C766 /* bookworm.app */;
			productType = "com.apple.product-type.application";
		};
/* End PBXNativeTarget section */

/* Begin PBXProject section */
		F383C0E3294FB77300D0C766 /* Project object */ = {
			isa = PBXProject;
			attributes = {
				BuildIndependentTargetsInParallel = 1;
				LastSwiftUpdateCheck = 1410;
				LastUpgradeCheck = 1410;
				TargetAttributes = {
					F383C0EA294FB77300D0C766 = {
						CreatedOnToolsVersion = 14.1;
					};
				};
			};
			buildConfigurationList = F383C0E6294FB77300D0C766 /* Build configuration list for PBXProject "bookworm" */;
			compatibilityVersion = "Xcode 14.0";
			developmentRegion = en;
			hasScannedForEncodings = 0;
			knownRegions = (
				en,
				Base,
			);
			mainGroup = F383C0E2294FB77300D0C766;
			packageReferences = (
				F383C104294FBB9900D0C766 /* XCRemoteSwiftPackageReference "firebase-ios-sdk" */,
				F3DA25B429787A6B00EAFB8A /* XCRemoteSwiftPackageReference "Alamofire" */,
				F3E3198A298079CE0070E0AA /* XCRemoteSwiftPackageReference "AlamofireImage" */,
				F3942118299AA9ED00516006 /* XCRemoteSwiftPackageReference "Cosmos" */,
			);
			productRefGroup = F383C0EC294FB77300D0C766 /* Products */;
			projectDirPath = "";
			projectRoot = "";
			targets = (
				F383C0EA294FB77300D0C766 /* bookworm */,
			);
		};
/* End PBXProject section */

/* Begin PBXResourcesBuildPhase section */
		F383C0E9294FB77300D0C766 /* Resources */ = {
			isa = PBXResourcesBuildPhase;
			buildActionMask = 2147483647;
			files = (
				F383C0FB294FB77500D0C766 /* LaunchScreen.storyboard in Resources */,
				F36FB5E5296C8E9C00D870DC /* Main.storyboard in Resources */,
				F383C103294FBA7400D0C766 /* GoogleService-Info.plist in Resources */,
				F383C0F8294FB77500D0C766 /* Assets.xcassets in Resources */,
				F383C0F6294FB77300D0C766 /* Login.storyboard in Resources */,
			);
			runOnlyForDeploymentPostprocessing = 0;
		};
/* End PBXResourcesBuildPhase section */

/* Begin PBXSourcesBuildPhase section */
		F383C0E7294FB77300D0C766 /* Sources */ = {
			isa = PBXSourcesBuildPhase;
			buildActionMask = 2147483647;
			files = (
				F3EC385729A2A32A00093161 /* AlternativeNamesTableViewCell.swift in Sources */,
				F330A9332990096C006C8145 /* Author.swift in Sources */,
				F330A93529901E07006C8145 /* AuthorWorks.swift in Sources */,
				F330A92D298C52AC006C8145 /* DescriptionBook.swift in Sources */,
				F3DA25BE2978989000EAFB8A /* Book.swift in Sources */,
				F3EBFBF729A4068400AA55A4 /* Comment.swift in Sources */,
				F3B290FD29635A9100934701 /* SignInViewController.swift in Sources */,
				F3E3198E2981BB0F0070E0AA /* ProfileTableViewController.swift in Sources */,
				F3E319942986EB400070E0AA /* ResultBooks.swift in Sources */,
				F330A92B298C5219006C8145 /* ResultInfoBook.swift in Sources */,
				F3EC384F29A29C2300093161 /* ReviewTableViewCell.swift in Sources */,
				F3EBFBEF29A2B3CA00AA55A4 /* MoreBooksTableViewCell.swift in Sources */,
				F3B290FF29635AB800934701 /* RegisterViewController.swift in Sources */,
				F330A9372992FB46006C8145 /* TBRTableViewController.swift in Sources */,
				F3B290FB2963445800934701 /* WelcomeViewController.swift in Sources */,
				F3DA25C42979CC7700EAFB8A /* BookTableViewCell.swift in Sources */,
				F3ADE20229A5FF58009C5E6F /* SubjectTableViewController.swift in Sources */,
				F3EBFBFB29A5E85A00AA55A4 /* DetailAuthorTableViewController.swift in Sources */,
				F383C0EF294FB77300D0C766 /* AppDelegate.swift in Sources */,
				F3E319922986A08E0070E0AA /* SearchResultsTableViewController.swift in Sources */,
				F3EC385129A2A01900093161 /* CommentsTableViewCell.swift in Sources */,
				F3EC384D29A29B4400093161 /* SubjectsTableViewCell.swift in Sources */,
				F3DA25C029789AB600EAFB8A /* Books.swift in Sources */,
				F3EBFBF529A3E84000AA55A4 /* DetailBookTableViewController.swift in Sources */,
				F3EC384B29A2989600093161 /* DescriptionTableViewCell.swift in Sources */,
				F314F16E29A815D800AD5A1A /* StatisticsTableViewCell.swift in Sources */,
				F3EBFBED29A2B39D00AA55A4 /* BookCollectionViewCell.swift in Sources */,
				F3EC384729A296CF00093161 /* HeaderTableViewCell.swift in Sources */,
				F3EC384929A2981300093161 /* DetailsTableViewCell.swift in Sources */,
				F383C0F1294FB77300D0C766 /* SceneDelegate.swift in Sources */,
				F330A93929941213006C8145 /* ReadTableViewController.swift in Sources */,
				F3EC385329A2A1A200093161 /* AuthorHeaderTableViewCell.swift in Sources */,
				F330A929298C4EA7006C8145 /* InfoBook.swift in Sources */,
				F3EC385529A2A2D900093161 /* BioTableViewCell.swift in Sources */,
				F36FB5E7296C910500D870DC /* HomeTableViewController.swift in Sources */,
			);
			runOnlyForDeploymentPostprocessing = 0;
		};
/* End PBXSourcesBuildPhase section */

/* Begin PBXVariantGroup section */
		F383C0F4294FB77300D0C766 /* Login.storyboard */ = {
			isa = PBXVariantGroup;
			children = (
				F383C0F5294FB77300D0C766 /* Base */,
			);
			name = Login.storyboard;
			sourceTree = "<group>";
		};
		F383C0F9294FB77500D0C766 /* LaunchScreen.storyboard */ = {
			isa = PBXVariantGroup;
			children = (
				F383C0FA294FB77500D0C766 /* Base */,
			);
			name = LaunchScreen.storyboard;
			sourceTree = "<group>";
		};
/* End PBXVariantGroup section */

/* Begin XCBuildConfiguration section */
		F383C0FD294FB77500D0C766 /* Debug */ = {
			isa = XCBuildConfiguration;
			buildSettings = {
				ALWAYS_SEARCH_USER_PATHS = NO;
				CLANG_ANALYZER_NONNULL = YES;
				CLANG_ANALYZER_NUMBER_OBJECT_CONVERSION = YES_AGGRESSIVE;
				CLANG_CXX_LANGUAGE_STANDARD = "gnu++20";
				CLANG_ENABLE_MODULES = YES;
				CLANG_ENABLE_OBJC_ARC = YES;
				CLANG_ENABLE_OBJC_WEAK = YES;
				CLANG_WARN_BLOCK_CAPTURE_AUTORELEASING = YES;
				CLANG_WARN_BOOL_CONVERSION = YES;
				CLANG_WARN_COMMA = YES;
				CLANG_WARN_CONSTANT_CONVERSION = YES;
				CLANG_WARN_DEPRECATED_OBJC_IMPLEMENTATIONS = YES;
				CLANG_WARN_DIRECT_OBJC_ISA_USAGE = YES_ERROR;
				CLANG_WARN_DOCUMENTATION_COMMENTS = YES;
				CLANG_WARN_EMPTY_BODY = YES;
				CLANG_WARN_ENUM_CONVERSION = YES;
				CLANG_WARN_INFINITE_RECURSION = YES;
				CLANG_WARN_INT_CONVERSION = YES;
				CLANG_WARN_NON_LITERAL_NULL_CONVERSION = YES;
				CLANG_WARN_OBJC_IMPLICIT_RETAIN_SELF = YES;
				CLANG_WARN_OBJC_LITERAL_CONVERSION = YES;
				CLANG_WARN_OBJC_ROOT_CLASS = YES_ERROR;
				CLANG_WARN_QUOTED_INCLUDE_IN_FRAMEWORK_HEADER = YES;
				CLANG_WARN_RANGE_LOOP_ANALYSIS = YES;
				CLANG_WARN_STRICT_PROTOTYPES = YES;
				CLANG_WARN_SUSPICIOUS_MOVE = YES;
				CLANG_WARN_UNGUARDED_AVAILABILITY = YES_AGGRESSIVE;
				CLANG_WARN_UNREACHABLE_CODE = YES;
				CLANG_WARN__DUPLICATE_METHOD_MATCH = YES;
				COPY_PHASE_STRIP = NO;
				DEBUG_INFORMATION_FORMAT = dwarf;
				ENABLE_STRICT_OBJC_MSGSEND = YES;
				ENABLE_TESTABILITY = YES;
				GCC_C_LANGUAGE_STANDARD = gnu11;
				GCC_DYNAMIC_NO_PIC = NO;
				GCC_NO_COMMON_BLOCKS = YES;
				GCC_OPTIMIZATION_LEVEL = 0;
				GCC_PREPROCESSOR_DEFINITIONS = (
					"DEBUG=1",
					"$(inherited)",
				);
				GCC_WARN_64_TO_32_BIT_CONVERSION = YES;
				GCC_WARN_ABOUT_RETURN_TYPE = YES_ERROR;
				GCC_WARN_UNDECLARED_SELECTOR = YES;
				GCC_WARN_UNINITIALIZED_AUTOS = YES_AGGRESSIVE;
				GCC_WARN_UNUSED_FUNCTION = YES;
				GCC_WARN_UNUSED_VARIABLE = YES;
				IPHONEOS_DEPLOYMENT_TARGET = 16.1;
				MTL_ENABLE_DEBUG_INFO = INCLUDE_SOURCE;
				MTL_FAST_MATH = YES;
				ONLY_ACTIVE_ARCH = YES;
				SDKROOT = iphoneos;
				SWIFT_ACTIVE_COMPILATION_CONDITIONS = DEBUG;
				SWIFT_OPTIMIZATION_LEVEL = "-Onone";
			};
			name = Debug;
		};
		F383C0FE294FB77500D0C766 /* Release */ = {
			isa = XCBuildConfiguration;
			buildSettings = {
				ALWAYS_SEARCH_USER_PATHS = NO;
				CLANG_ANALYZER_NONNULL = YES;
				CLANG_ANALYZER_NUMBER_OBJECT_CONVERSION = YES_AGGRESSIVE;
				CLANG_CXX_LANGUAGE_STANDARD = "gnu++20";
				CLANG_ENABLE_MODULES = YES;
				CLANG_ENABLE_OBJC_ARC = YES;
				CLANG_ENABLE_OBJC_WEAK = YES;
				CLANG_WARN_BLOCK_CAPTURE_AUTORELEASING = YES;
				CLANG_WARN_BOOL_CONVERSION = YES;
				CLANG_WARN_COMMA = YES;
				CLANG_WARN_CONSTANT_CONVERSION = YES;
				CLANG_WARN_DEPRECATED_OBJC_IMPLEMENTATIONS = YES;
				CLANG_WARN_DIRECT_OBJC_ISA_USAGE = YES_ERROR;
				CLANG_WARN_DOCUMENTATION_COMMENTS = YES;
				CLANG_WARN_EMPTY_BODY = YES;
				CLANG_WARN_ENUM_CONVERSION = YES;
				CLANG_WARN_INFINITE_RECURSION = YES;
				CLANG_WARN_INT_CONVERSION = YES;
				CLANG_WARN_NON_LITERAL_NULL_CONVERSION = YES;
				CLANG_WARN_OBJC_IMPLICIT_RETAIN_SELF = YES;
				CLANG_WARN_OBJC_LITERAL_CONVERSION = YES;
				CLANG_WARN_OBJC_ROOT_CLASS = YES_ERROR;
				CLANG_WARN_QUOTED_INCLUDE_IN_FRAMEWORK_HEADER = YES;
				CLANG_WARN_RANGE_LOOP_ANALYSIS = YES;
				CLANG_WARN_STRICT_PROTOTYPES = YES;
				CLANG_WARN_SUSPICIOUS_MOVE = YES;
				CLANG_WARN_UNGUARDED_AVAILABILITY = YES_AGGRESSIVE;
				CLANG_WARN_UNREACHABLE_CODE = YES;
				CLANG_WARN__DUPLICATE_METHOD_MATCH = YES;
				COPY_PHASE_STRIP = NO;
				DEBUG_INFORMATION_FORMAT = "dwarf-with-dsym";
				ENABLE_NS_ASSERTIONS = NO;
				ENABLE_STRICT_OBJC_MSGSEND = YES;
				GCC_C_LANGUAGE_STANDARD = gnu11;
				GCC_NO_COMMON_BLOCKS = YES;
				GCC_WARN_64_TO_32_BIT_CONVERSION = YES;
				GCC_WARN_ABOUT_RETURN_TYPE = YES_ERROR;
				GCC_WARN_UNDECLARED_SELECTOR = YES;
				GCC_WARN_UNINITIALIZED_AUTOS = YES_AGGRESSIVE;
				GCC_WARN_UNUSED_FUNCTION = YES;
				GCC_WARN_UNUSED_VARIABLE = YES;
				IPHONEOS_DEPLOYMENT_TARGET = 16.1;
				MTL_ENABLE_DEBUG_INFO = NO;
				MTL_FAST_MATH = YES;
				SDKROOT = iphoneos;
				SWIFT_COMPILATION_MODE = wholemodule;
				SWIFT_OPTIMIZATION_LEVEL = "-O";
				VALIDATE_PRODUCT = YES;
			};
			name = Release;
		};
		F383C100294FB77500D0C766 /* Debug */ = {
			isa = XCBuildConfiguration;
			buildSettings = {
				ASSETCATALOG_COMPILER_APPICON_NAME = AppIcon;
				ASSETCATALOG_COMPILER_GLOBAL_ACCENT_COLOR_NAME = AccentColor;
				ASSETCATALOG_COMPILER_INCLUDE_ALL_APPICON_ASSETS = YES;
				CODE_SIGN_STYLE = Automatic;
				CURRENT_PROJECT_VERSION = 1;
				DEVELOPMENT_TEAM = WNJ5B2GW9X;
				GENERATE_INFOPLIST_FILE = YES;
				INFOPLIST_FILE = bookworm/Info.plist;
				INFOPLIST_KEY_UIApplicationSupportsIndirectInputEvents = YES;
				INFOPLIST_KEY_UILaunchStoryboardName = LaunchScreen;
				INFOPLIST_KEY_UIMainStoryboardFile = Main;
				INFOPLIST_KEY_UISupportedInterfaceOrientations_iPad = "UIInterfaceOrientationPortrait UIInterfaceOrientationPortraitUpsideDown UIInterfaceOrientationLandscapeLeft UIInterfaceOrientationLandscapeRight";
				INFOPLIST_KEY_UISupportedInterfaceOrientations_iPhone = "UIInterfaceOrientationPortrait UIInterfaceOrientationLandscapeLeft UIInterfaceOrientationLandscapeRight";
				LD_RUNPATH_SEARCH_PATHS = (
					"$(inherited)",
					"@executable_path/Frameworks",
				);
				MARKETING_VERSION = 1.0;
				PRODUCT_BUNDLE_IDENTIFIER = com.tues.bookworm;
				PRODUCT_NAME = "$(TARGET_NAME)";
				SUPPORTED_PLATFORMS = "iphoneos iphonesimulator";
				SUPPORTS_MACCATALYST = NO;
				SUPPORTS_MAC_DESIGNED_FOR_IPHONE_IPAD = NO;
				SWIFT_EMIT_LOC_STRINGS = YES;
				SWIFT_VERSION = 5.0;
				TARGETED_DEVICE_FAMILY = 1;
			};
			name = Debug;
		};
		F383C101294FB77500D0C766 /* Release */ = {
			isa = XCBuildConfiguration;
			buildSettings = {
				ASSETCATALOG_COMPILER_APPICON_NAME = AppIcon;
				ASSETCATALOG_COMPILER_GLOBAL_ACCENT_COLOR_NAME = AccentColor;
				ASSETCATALOG_COMPILER_INCLUDE_ALL_APPICON_ASSETS = YES;
				CODE_SIGN_STYLE = Automatic;
				CURRENT_PROJECT_VERSION = 1;
				DEVELOPMENT_TEAM = WNJ5B2GW9X;
				GENERATE_INFOPLIST_FILE = YES;
				INFOPLIST_FILE = bookworm/Info.plist;
				INFOPLIST_KEY_UIApplicationSupportsIndirectInputEvents = YES;
				INFOPLIST_KEY_UILaunchStoryboardName = LaunchScreen;
				INFOPLIST_KEY_UIMainStoryboardFile = Main;
				INFOPLIST_KEY_UISupportedInterfaceOrientations_iPad = "UIInterfaceOrientationPortrait UIInterfaceOrientationPortraitUpsideDown UIInterfaceOrientationLandscapeLeft UIInterfaceOrientationLandscapeRight";
				INFOPLIST_KEY_UISupportedInterfaceOrientations_iPhone = "UIInterfaceOrientationPortrait UIInterfaceOrientationLandscapeLeft UIInterfaceOrientationLandscapeRight";
				LD_RUNPATH_SEARCH_PATHS = (
					"$(inherited)",
					"@executable_path/Frameworks",
				);
				MARKETING_VERSION = 1.0;
				PRODUCT_BUNDLE_IDENTIFIER = com.tues.bookworm;
				PRODUCT_NAME = "$(TARGET_NAME)";
				SUPPORTED_PLATFORMS = "iphoneos iphonesimulator";
				SUPPORTS_MACCATALYST = NO;
				SUPPORTS_MAC_DESIGNED_FOR_IPHONE_IPAD = NO;
				SWIFT_EMIT_LOC_STRINGS = YES;
				SWIFT_VERSION = 5.0;
				TARGETED_DEVICE_FAMILY = 1;
			};
			name = Release;
		};
/* End XCBuildConfiguration section */

/* Begin XCConfigurationList section */
		F383C0E6294FB77300D0C766 /* Build configuration list for PBXProject "bookworm" */ = {
			isa = XCConfigurationList;
			buildConfigurations = (
				F383C0FD294FB77500D0C766 /* Debug */,
				F383C0FE294FB77500D0C766 /* Release */,
			);
			defaultConfigurationIsVisible = 0;
			defaultConfigurationName = Release;
		};
		F383C0FF294FB77500D0C766 /* Build configuration list for PBXNativeTarget "bookworm" */ = {
			isa = XCConfigurationList;
			buildConfigurations = (
				F383C100294FB77500D0C766 /* Debug */,
				F383C101294FB77500D0C766 /* Release */,
			);
			defaultConfigurationIsVisible = 0;
			defaultConfigurationName = Release;
		};
/* End XCConfigurationList section */

/* Begin XCRemoteSwiftPackageReference section */
		F383C104294FBB9900D0C766 /* XCRemoteSwiftPackageReference "firebase-ios-sdk" */ = {
			isa = XCRemoteSwiftPackageReference;
			repositoryURL = "https://github.com/firebase/firebase-ios-sdk";
			requirement = {
				kind = upToNextMajorVersion;
				minimumVersion = 9.0.0;
			};
		};
		F3942118299AA9ED00516006 /* XCRemoteSwiftPackageReference "Cosmos" */ = {
			isa = XCRemoteSwiftPackageReference;
			repositoryURL = "https://github.com/evgenyneu/Cosmos.git";
			requirement = {
				branch = master;
				kind = branch;
			};
		};
		F3DA25B429787A6B00EAFB8A /* XCRemoteSwiftPackageReference "Alamofire" */ = {
			isa = XCRemoteSwiftPackageReference;
			repositoryURL = "https://github.com/Alamofire/Alamofire.git";
			requirement = {
				branch = master;
				kind = branch;
			};
		};
		F3E3198A298079CE0070E0AA /* XCRemoteSwiftPackageReference "AlamofireImage" */ = {
			isa = XCRemoteSwiftPackageReference;
			repositoryURL = "https://github.com/Alamofire/AlamofireImage.git";
			requirement = {
				kind = upToNextMajorVersion;
				minimumVersion = 4.0.0;
			};
		};
/* End XCRemoteSwiftPackageReference section */

/* Begin XCSwiftPackageProductDependency section */
		F383C105294FBB9900D0C766 /* FirebaseAnalytics */ = {
			isa = XCSwiftPackageProductDependency;
			package = F383C104294FBB9900D0C766 /* XCRemoteSwiftPackageReference "firebase-ios-sdk" */;
			productName = FirebaseAnalytics;
		};
		F383C107294FBB9900D0C766 /* FirebaseAnalyticsOnDeviceConversion */ = {
			isa = XCSwiftPackageProductDependency;
			package = F383C104294FBB9900D0C766 /* XCRemoteSwiftPackageReference "firebase-ios-sdk" */;
			productName = FirebaseAnalyticsOnDeviceConversion;
		};
		F383C109294FBB9900D0C766 /* FirebaseAnalyticsSwift */ = {
			isa = XCSwiftPackageProductDependency;
			package = F383C104294FBB9900D0C766 /* XCRemoteSwiftPackageReference "firebase-ios-sdk" */;
			productName = FirebaseAnalyticsSwift;
		};
		F383C10B294FBB9900D0C766 /* FirebaseAnalyticsWithoutAdIdSupport */ = {
			isa = XCSwiftPackageProductDependency;
			package = F383C104294FBB9900D0C766 /* XCRemoteSwiftPackageReference "firebase-ios-sdk" */;
			productName = FirebaseAnalyticsWithoutAdIdSupport;
		};
		F383C10D294FBB9900D0C766 /* FirebaseAppCheck */ = {
			isa = XCSwiftPackageProductDependency;
			package = F383C104294FBB9900D0C766 /* XCRemoteSwiftPackageReference "firebase-ios-sdk" */;
			productName = FirebaseAppCheck;
		};
		F383C10F294FBB9900D0C766 /* FirebaseAppDistribution-Beta */ = {
			isa = XCSwiftPackageProductDependency;
			package = F383C104294FBB9900D0C766 /* XCRemoteSwiftPackageReference "firebase-ios-sdk" */;
			productName = "FirebaseAppDistribution-Beta";
		};
		F383C111294FBB9900D0C766 /* FirebaseAuth */ = {
			isa = XCSwiftPackageProductDependency;
			package = F383C104294FBB9900D0C766 /* XCRemoteSwiftPackageReference "firebase-ios-sdk" */;
			productName = FirebaseAuth;
		};
		F383C113294FBB9900D0C766 /* FirebaseAuthCombine-Community */ = {
			isa = XCSwiftPackageProductDependency;
			package = F383C104294FBB9900D0C766 /* XCRemoteSwiftPackageReference "firebase-ios-sdk" */;
			productName = "FirebaseAuthCombine-Community";
		};
		F383C115294FBB9900D0C766 /* FirebaseCrashlytics */ = {
			isa = XCSwiftPackageProductDependency;
			package = F383C104294FBB9900D0C766 /* XCRemoteSwiftPackageReference "firebase-ios-sdk" */;
			productName = FirebaseCrashlytics;
		};
		F383C117294FBB9900D0C766 /* FirebaseDatabase */ = {
			isa = XCSwiftPackageProductDependency;
			package = F383C104294FBB9900D0C766 /* XCRemoteSwiftPackageReference "firebase-ios-sdk" */;
			productName = FirebaseDatabase;
		};
		F383C119294FBB9900D0C766 /* FirebaseDatabaseSwift */ = {
			isa = XCSwiftPackageProductDependency;
			package = F383C104294FBB9900D0C766 /* XCRemoteSwiftPackageReference "firebase-ios-sdk" */;
			productName = FirebaseDatabaseSwift;
		};
		F383C11B294FBB9900D0C766 /* FirebaseDynamicLinks */ = {
			isa = XCSwiftPackageProductDependency;
			package = F383C104294FBB9900D0C766 /* XCRemoteSwiftPackageReference "firebase-ios-sdk" */;
			productName = FirebaseDynamicLinks;
		};
		F383C11D294FBB9900D0C766 /* FirebaseFirestore */ = {
			isa = XCSwiftPackageProductDependency;
			package = F383C104294FBB9900D0C766 /* XCRemoteSwiftPackageReference "firebase-ios-sdk" */;
			productName = FirebaseFirestore;
		};
		F383C11F294FBB9900D0C766 /* FirebaseFirestoreCombine-Community */ = {
			isa = XCSwiftPackageProductDependency;
			package = F383C104294FBB9900D0C766 /* XCRemoteSwiftPackageReference "firebase-ios-sdk" */;
			productName = "FirebaseFirestoreCombine-Community";
		};
		F383C121294FBB9900D0C766 /* FirebaseFirestoreSwift */ = {
			isa = XCSwiftPackageProductDependency;
			package = F383C104294FBB9900D0C766 /* XCRemoteSwiftPackageReference "firebase-ios-sdk" */;
			productName = FirebaseFirestoreSwift;
		};
		F383C123294FBB9900D0C766 /* FirebaseFunctions */ = {
			isa = XCSwiftPackageProductDependency;
			package = F383C104294FBB9900D0C766 /* XCRemoteSwiftPackageReference "firebase-ios-sdk" */;
			productName = FirebaseFunctions;
		};
		F383C125294FBB9900D0C766 /* FirebaseFunctionsCombine-Community */ = {
			isa = XCSwiftPackageProductDependency;
			package = F383C104294FBB9900D0C766 /* XCRemoteSwiftPackageReference "firebase-ios-sdk" */;
			productName = "FirebaseFunctionsCombine-Community";
		};
		F383C127294FBB9900D0C766 /* FirebaseInAppMessaging-Beta */ = {
			isa = XCSwiftPackageProductDependency;
			package = F383C104294FBB9900D0C766 /* XCRemoteSwiftPackageReference "firebase-ios-sdk" */;
			productName = "FirebaseInAppMessaging-Beta";
		};
		F383C129294FBB9900D0C766 /* FirebaseInAppMessagingSwift-Beta */ = {
			isa = XCSwiftPackageProductDependency;
			package = F383C104294FBB9900D0C766 /* XCRemoteSwiftPackageReference "firebase-ios-sdk" */;
			productName = "FirebaseInAppMessagingSwift-Beta";
		};
		F383C12B294FBB9900D0C766 /* FirebaseInstallations */ = {
			isa = XCSwiftPackageProductDependency;
			package = F383C104294FBB9900D0C766 /* XCRemoteSwiftPackageReference "firebase-ios-sdk" */;
			productName = FirebaseInstallations;
		};
		F383C12D294FBB9900D0C766 /* FirebaseMLModelDownloader */ = {
			isa = XCSwiftPackageProductDependency;
			package = F383C104294FBB9900D0C766 /* XCRemoteSwiftPackageReference "firebase-ios-sdk" */;
			productName = FirebaseMLModelDownloader;
		};
		F383C12F294FBB9900D0C766 /* FirebaseMessaging */ = {
			isa = XCSwiftPackageProductDependency;
			package = F383C104294FBB9900D0C766 /* XCRemoteSwiftPackageReference "firebase-ios-sdk" */;
			productName = FirebaseMessaging;
		};
		F383C131294FBB9900D0C766 /* FirebasePerformance */ = {
			isa = XCSwiftPackageProductDependency;
			package = F383C104294FBB9900D0C766 /* XCRemoteSwiftPackageReference "firebase-ios-sdk" */;
			productName = FirebasePerformance;
		};
		F383C133294FBB9900D0C766 /* FirebaseRemoteConfig */ = {
			isa = XCSwiftPackageProductDependency;
			package = F383C104294FBB9900D0C766 /* XCRemoteSwiftPackageReference "firebase-ios-sdk" */;
			productName = FirebaseRemoteConfig;
		};
		F383C135294FBB9900D0C766 /* FirebaseRemoteConfigSwift */ = {
			isa = XCSwiftPackageProductDependency;
			package = F383C104294FBB9900D0C766 /* XCRemoteSwiftPackageReference "firebase-ios-sdk" */;
			productName = FirebaseRemoteConfigSwift;
		};
		F383C137294FBB9900D0C766 /* FirebaseStorage */ = {
			isa = XCSwiftPackageProductDependency;
			package = F383C104294FBB9900D0C766 /* XCRemoteSwiftPackageReference "firebase-ios-sdk" */;
			productName = FirebaseStorage;
		};
		F383C139294FBB9900D0C766 /* FirebaseStorageCombine-Community */ = {
			isa = XCSwiftPackageProductDependency;
			package = F383C104294FBB9900D0C766 /* XCRemoteSwiftPackageReference "firebase-ios-sdk" */;
			productName = "FirebaseStorageCombine-Community";
		};
		F3942119299AA9ED00516006 /* Cosmos */ = {
			isa = XCSwiftPackageProductDependency;
			package = F3942118299AA9ED00516006 /* XCRemoteSwiftPackageReference "Cosmos" */;
			productName = Cosmos;
		};
		F3DA25B529787A6B00EAFB8A /* Alamofire */ = {
			isa = XCSwiftPackageProductDependency;
			package = F3DA25B429787A6B00EAFB8A /* XCRemoteSwiftPackageReference "Alamofire" */;
			productName = Alamofire;
		};
		F3E3198B298079CF0070E0AA /* AlamofireImage */ = {
			isa = XCSwiftPackageProductDependency;
			package = F3E3198A298079CE0070E0AA /* XCRemoteSwiftPackageReference "AlamofireImage" */;
			productName = AlamofireImage;
		};
/* End XCSwiftPackageProductDependency section */
	};
	rootObject = F383C0E3294FB77300D0C766 /* Project object */;
}
