// !$*UTF8*$!
{
	archiveVersion = 1;
	classes = {
	};
	objectVersion = 56;
	objects = {

/* Begin PBXBuildFile section */
		F36FB5E5296C8E9C00D870DC /* Main.storyboard in Resources */ = {isa = PBXBuildFile; fileRef = F36FB5E4296C8E9C00D870DC /* Main.storyboard */; };
		F36FB5E7296C910500D870DC /* HomeViewController.swift in Sources */ = {isa = PBXBuildFile; fileRef = F36FB5E6296C910500D870DC /* HomeViewController.swift */; };
		F383C0EF294FB77300D0C766 /* AppDelegate.swift in Sources */ = {isa = PBXBuildFile; fileRef = F383C0EE294FB77300D0C766 /* AppDelegate.swift */; };
		F383C0F1294FB77300D0C766 /* SceneDelegate.swift in Sources */ = {isa = PBXBuildFile; fileRef = F383C0F0294FB77300D0C766 /* SceneDelegate.swift */; };
		F383C0F6294FB77300D0C766 /* Login.storyboard in Resources */ = {isa = PBXBuildFile; fileRef = F383C0F4294FB77300D0C766 /* Login.storyboard */; };
		F383C0F8294FB77500D0C766 /* Assets.xcassets in Resources */ = {isa = PBXBuildFile; fileRef = F383C0F7294FB77500D0C766 /* Assets.xcassets */; };
		F383C0FB294FB77500D0C766 /* LaunchScreen.storyboard in Resources */ = {isa = PBXBuildFile; fileRef = F383C0F9294FB77500D0C766 /* LaunchScreen.storyboard */; };
		F383C103294FBA7400D0C766 /* GoogleService-Info.plist in Resources */ = {isa = PBXBuildFile; fileRef = F383C102294FBA7400D0C766 /* GoogleService-Info.plist */; };
		F383C106294FBB9900D0C766 /* FirebaseAnalytics in Frameworks */ = {isa = PBXBuildFile; productRef = F383C105294FBB9900D0C766 /* FirebaseAnalytics */; };
		F383C108294FBB9900D0C766 /* FirebaseAnalyticsOnDeviceConversion in Frameworks */ = {isa = PBXBuildFile; productRef = F383C107294FBB9900D0C766 /* FirebaseAnalyticsOnDeviceConversion */; };
		F383C10A294FBB9900D0C766 /* FirebaseAnalyticsSwift in Frameworks */ = {isa = PBXBuildFile; productRef = F383C109294FBB9900D0C766 /* FirebaseAnalyticsSwift */; };
		F383C10C294FBB9900D0C766 /* FirebaseAnalyticsWithoutAdIdSupport in Frameworks */ = {isa = PBXBuildFile; productRef = F383C10B294FBB9900D0C766 /* FirebaseAnalyticsWithoutAdIdSupport */; };
		F383C10E294FBB9900D0C766 /* FirebaseAppCheck in Frameworks */ = {isa = PBXBuildFile; productRef = F383C10D294FBB9900D0C766 /* FirebaseAppCheck */; };
		F383C110294FBB9900D0C766 /* FirebaseAppDistribution-Beta in Frameworks */ = {isa = PBXBuildFile; productRef = F383C10F294FBB9900D0C766 /* FirebaseAppDistribution-Beta */; };
		F383C112294FBB9900D0C766 /* FirebaseAuth in Frameworks */ = {isa = PBXBuildFile; productRef = F383C111294FBB9900D0C766 /* FirebaseAuth */; };
		F383C114294FBB9900D0C766 /* FirebaseAuthCombine-Community in Frameworks */ = {isa = PBXBuildFile; productRef = F383C113294FBB9900D0C766 /* FirebaseAuthCombine-Community */; };
		F383C116294FBB9900D0C766 /* FirebaseCrashlytics in Frameworks */ = {isa = PBXBuildFile; productRef = F383C115294FBB9900D0C766 /* FirebaseCrashlytics */; };
		F383C118294FBB9900D0C766 /* FirebaseDatabase in Frameworks */ = {isa = PBXBuildFile; productRef = F383C117294FBB9900D0C766 /* FirebaseDatabase */; };
		F383C11A294FBB9900D0C766 /* FirebaseDatabaseSwift in Frameworks */ = {isa = PBXBuildFile; productRef = F383C119294FBB9900D0C766 /* FirebaseDatabaseSwift */; };
		F383C11C294FBB9900D0C766 /* FirebaseDynamicLinks in Frameworks */ = {isa = PBXBuildFile; productRef = F383C11B294FBB9900D0C766 /* FirebaseDynamicLinks */; };
		F383C11E294FBB9900D0C766 /* FirebaseFirestore in Frameworks */ = {isa = PBXBuildFile; productRef = F383C11D294FBB9900D0C766 /* FirebaseFirestore */; };
		F383C120294FBB9900D0C766 /* FirebaseFirestoreCombine-Community in Frameworks */ = {isa = PBXBuildFile; productRef = F383C11F294FBB9900D0C766 /* FirebaseFirestoreCombine-Community */; };
		F383C122294FBB9900D0C766 /* FirebaseFirestoreSwift in Frameworks */ = {isa = PBXBuildFile; productRef = F383C121294FBB9900D0C766 /* FirebaseFirestoreSwift */; };
		F383C124294FBB9900D0C766 /* FirebaseFunctions in Frameworks */ = {isa = PBXBuildFile; productRef = F383C123294FBB9900D0C766 /* FirebaseFunctions */; };
		F383C126294FBB9900D0C766 /* FirebaseFunctionsCombine-Community in Frameworks */ = {isa = PBXBuildFile; productRef = F383C125294FBB9900D0C766 /* FirebaseFunctionsCombine-Community */; };
		F383C128294FBB9900D0C766 /* FirebaseInAppMessaging-Beta in Frameworks */ = {isa = PBXBuildFile; productRef = F383C127294FBB9900D0C766 /* FirebaseInAppMessaging-Beta */; };
		F383C12A294FBB9900D0C766 /* FirebaseInAppMessagingSwift-Beta in Frameworks */ = {isa = PBXBuildFile; productRef = F383C129294FBB9900D0C766 /* FirebaseInAppMessagingSwift-Beta */; };
		F383C12C294FBB9900D0C766 /* FirebaseInstallations in Frameworks */ = {isa = PBXBuildFile; productRef = F383C12B294FBB9900D0C766 /* FirebaseInstallations */; };
		F383C12E294FBB9900D0C766 /* FirebaseMLModelDownloader in Frameworks */ = {isa = PBXBuildFile; productRef = F383C12D294FBB9900D0C766 /* FirebaseMLModelDownloader */; };
		F383C130294FBB9900D0C766 /* FirebaseMessaging in Frameworks */ = {isa = PBXBuildFile; productRef = F383C12F294FBB9900D0C766 /* FirebaseMessaging */; };
		F383C132294FBB9900D0C766 /* FirebasePerformance in Frameworks */ = {isa = PBXBuildFile; productRef = F383C131294FBB9900D0C766 /* FirebasePerformance */; };
		F383C134294FBB9900D0C766 /* FirebaseRemoteConfig in Frameworks */ = {isa = PBXBuildFile; productRef = F383C133294FBB9900D0C766 /* FirebaseRemoteConfig */; };
		F383C136294FBB9900D0C766 /* FirebaseRemoteConfigSwift in Frameworks */ = {isa = PBXBuildFile; productRef = F383C135294FBB9900D0C766 /* FirebaseRemoteConfigSwift */; };
		F383C138294FBB9900D0C766 /* FirebaseStorage in Frameworks */ = {isa = PBXBuildFile; productRef = F383C137294FBB9900D0C766 /* FirebaseStorage */; };
		F383C13A294FBB9900D0C766 /* FirebaseStorageCombine-Community in Frameworks */ = {isa = PBXBuildFile; productRef = F383C139294FBB9900D0C766 /* FirebaseStorageCombine-Community */; };
		F3B290FB2963445800934701 /* WelcomeViewController.swift in Sources */ = {isa = PBXBuildFile; fileRef = F3B290FA2963445700934701 /* WelcomeViewController.swift */; };
		F3B290FD29635A9100934701 /* SignInViewController.swift in Sources */ = {isa = PBXBuildFile; fileRef = F3B290FC29635A9100934701 /* SignInViewController.swift */; };
		F3B290FF29635AB800934701 /* RegisterViewController.swift in Sources */ = {isa = PBXBuildFile; fileRef = F3B290FE29635AB800934701 /* RegisterViewController.swift */; };
/* End PBXBuildFile section */

/* Begin PBXFileReference section */
		F36FB5E4296C8E9C00D870DC /* Main.storyboard */ = {isa = PBXFileReference; lastKnownFileType = file.storyboard; path = Main.storyboard; sourceTree = "<group>"; };
		F36FB5E6296C910500D870DC /* HomeViewController.swift */ = {isa = PBXFileReference; lastKnownFileType = sourcecode.swift; path = HomeViewController.swift; sourceTree = "<group>"; };
		F383C0EB294FB77300D0C766 /* bookworm.app */ = {isa = PBXFileReference; explicitFileType = wrapper.application; includeInIndex = 0; path = bookworm.app; sourceTree = BUILT_PRODUCTS_DIR; };
		F383C0EE294FB77300D0C766 /* AppDelegate.swift */ = {isa = PBXFileReference; lastKnownFileType = sourcecode.swift; path = AppDelegate.swift; sourceTree = "<group>"; };
		F383C0F0294FB77300D0C766 /* SceneDelegate.swift */ = {isa = PBXFileReference; lastKnownFileType = sourcecode.swift; path = SceneDelegate.swift; sourceTree = "<group>"; };
		F383C0F5294FB77300D0C766 /* Base */ = {isa = PBXFileReference; lastKnownFileType = file.storyboard; name = Base; path = Base.lproj/Login.storyboard; sourceTree = "<group>"; };
		F383C0F7294FB77500D0C766 /* Assets.xcassets */ = {isa = PBXFileReference; lastKnownFileType = folder.assetcatalog; path = Assets.xcassets; sourceTree = "<group>"; };
		F383C0FA294FB77500D0C766 /* Base */ = {isa = PBXFileReference; lastKnownFileType = file.storyboard; name = Base; path = Base.lproj/LaunchScreen.storyboard; sourceTree = "<group>"; };
		F383C0FC294FB77500D0C766 /* Info.plist */ = {isa = PBXFileReference; lastKnownFileType = text.plist.xml; path = Info.plist; sourceTree = "<group>"; };
		F383C102294FBA7400D0C766 /* GoogleService-Info.plist */ = {isa = PBXFileReference; fileEncoding = 4; lastKnownFileType = text.plist.xml; path = "GoogleService-Info.plist"; sourceTree = "<group>"; };
		F3B290FA2963445700934701 /* WelcomeViewController.swift */ = {isa = PBXFileReference; lastKnownFileType = sourcecode.swift; path = WelcomeViewController.swift; sourceTree = "<group>"; };
		F3B290FC29635A9100934701 /* SignInViewController.swift */ = {isa = PBXFileReference; lastKnownFileType = sourcecode.swift; path = SignInViewController.swift; sourceTree = "<group>"; };
		F3B290FE29635AB800934701 /* RegisterViewController.swift */ = {isa = PBXFileReference; lastKnownFileType = sourcecode.swift; path = RegisterViewController.swift; sourceTree = "<group>"; };
/* End PBXFileReference section */

/* Begin PBXFrameworksBuildPhase section */
		F383C0E8294FB77300D0C766 /* Frameworks */ = {
			isa = PBXFrameworksBuildPhase;
			buildActionMask = 2147483647;
			files = (
				F383C118294FBB9900D0C766 /* FirebaseDatabase in Frameworks */,
				F383C126294FBB9900D0C766 /* FirebaseFunctionsCombine-Community in Frameworks */,
				F383C11E294FBB9900D0C766 /* FirebaseFirestore in Frameworks */,
				F383C10A294FBB9900D0C766 /* FirebaseAnalyticsSwift in Frameworks */,
				F383C106294FBB9900D0C766 /* FirebaseAnalytics in Frameworks */,
				F383C108294FBB9900D0C766 /* FirebaseAnalyticsOnDeviceConversion in Frameworks */,
				F383C12E294FBB9900D0C766 /* FirebaseMLModelDownloader in Frameworks */,
				F383C122294FBB9900D0C766 /* FirebaseFirestoreSwift in Frameworks */,
				F383C10E294FBB9900D0C766 /* FirebaseAppCheck in Frameworks */,
				F383C10C294FBB9900D0C766 /* FirebaseAnalyticsWithoutAdIdSupport in Frameworks */,
				F383C112294FBB9900D0C766 /* FirebaseAuth in Frameworks */,
				F383C116294FBB9900D0C766 /* FirebaseCrashlytics in Frameworks */,
				F383C136294FBB9900D0C766 /* FirebaseRemoteConfigSwift in Frameworks */,
				F383C128294FBB9900D0C766 /* FirebaseInAppMessaging-Beta in Frameworks */,
				F383C11A294FBB9900D0C766 /* FirebaseDatabaseSwift in Frameworks */,
				F383C124294FBB9900D0C766 /* FirebaseFunctions in Frameworks */,
				F383C13A294FBB9900D0C766 /* FirebaseStorageCombine-Community in Frameworks */,
				F383C134294FBB9900D0C766 /* FirebaseRemoteConfig in Frameworks */,
				F383C110294FBB9900D0C766 /* FirebaseAppDistribution-Beta in Frameworks */,
				F383C114294FBB9900D0C766 /* FirebaseAuthCombine-Community in Frameworks */,
				F383C132294FBB9900D0C766 /* FirebasePerformance in Frameworks */,
				F383C12A294FBB9900D0C766 /* FirebaseInAppMessagingSwift-Beta in Frameworks */,
				F383C138294FBB9900D0C766 /* FirebaseStorage in Frameworks */,
				F383C11C294FBB9900D0C766 /* FirebaseDynamicLinks in Frameworks */,
				F383C120294FBB9900D0C766 /* FirebaseFirestoreCombine-Community in Frameworks */,
				F383C130294FBB9900D0C766 /* FirebaseMessaging in Frameworks */,
				F383C12C294FBB9900D0C766 /* FirebaseInstallations in Frameworks */,
			);
			runOnlyForDeploymentPostprocessing = 0;
		};
/* End PBXFrameworksBuildPhase section */

/* Begin PBXGroup section */
		F383C0E2294FB77300D0C766 = {
			isa = PBXGroup;
			children = (
				F383C0ED294FB77300D0C766 /* bookworm */,
				F383C0EC294FB77300D0C766 /* Products */,
			);
			sourceTree = "<group>";
		};
		F383C0EC294FB77300D0C766 /* Products */ = {
			isa = PBXGroup;
			children = (
				F383C0EB294FB77300D0C766 /* bookworm.app */,
			);
			name = Products;
			sourceTree = "<group>";
		};
		F383C0ED294FB77300D0C766 /* bookworm */ = {
			isa = PBXGroup;
			children = (
				F383C0EE294FB77300D0C766 /* AppDelegate.swift */,
				F383C0F0294FB77300D0C766 /* SceneDelegate.swift */,
				F383C0F4294FB77300D0C766 /* Login.storyboard */,
				F36FB5E4296C8E9C00D870DC /* Main.storyboard */,
				F36FB5E6296C910500D870DC /* HomeViewController.swift */,
				F3B290FA2963445700934701 /* WelcomeViewController.swift */,
				F3B290FE29635AB800934701 /* RegisterViewController.swift */,
				F3B290FC29635A9100934701 /* SignInViewController.swift */,
				F383C0F7294FB77500D0C766 /* Assets.xcassets */,
				F383C0F9294FB77500D0C766 /* LaunchScreen.storyboard */,
				F383C0FC294FB77500D0C766 /* Info.plist */,
				F383C102294FBA7400D0C766 /* GoogleService-Info.plist */,
			);
			path = bookworm;
			sourceTree = "<group>";
		};
/* End PBXGroup section */

/* Begin PBXNativeTarget section */
		F383C0EA294FB77300D0C766 /* bookworm */ = {
			isa = PBXNativeTarget;
			buildConfigurationList = F383C0FF294FB77500D0C766 /* Build configuration list for PBXNativeTarget "bookworm" */;
			buildPhases = (
				F383C0E7294FB77300D0C766 /* Sources */,
				F383C0E8294FB77300D0C766 /* Frameworks */,
				F383C0E9294FB77300D0C766 /* Resources */,
			);
			buildRules = (
			);
			dependencies = (
			);
			name = bookworm;
			packageProductDependencies = (
				F383C105294FBB9900D0C766 /* FirebaseAnalytics */,
				F383C107294FBB9900D0C766 /* FirebaseAnalyticsOnDeviceConversion */,
				F383C109294FBB9900D0C766 /* FirebaseAnalyticsSwift */,
				F383C10B294FBB9900D0C766 /* FirebaseAnalyticsWithoutAdIdSupport */,
				F383C10D294FBB9900D0C766 /* FirebaseAppCheck */,
				F383C10F294FBB9900D0C766 /* FirebaseAppDistribution-Beta */,
				F383C111294FBB9900D0C766 /* FirebaseAuth */,
				F383C113294FBB9900D0C766 /* FirebaseAuthCombine-Community */,
				F383C115294FBB9900D0C766 /* FirebaseCrashlytics */,
				F383C117294FBB9900D0C766 /* FirebaseDatabase */,
				F383C119294FBB9900D0C766 /* FirebaseDatabaseSwift */,
				F383C11B294FBB9900D0C766 /* FirebaseDynamicLinks */,
				F383C11D294FBB9900D0C766 /* FirebaseFirestore */,
				F383C11F294FBB9900D0C766 /* FirebaseFirestoreCombine-Community */,
				F383C121294FBB9900D0C766 /* FirebaseFirestoreSwift */,
				F383C123294FBB9900D0C766 /* FirebaseFunctions */,
				F383C125294FBB9900D0C766 /* FirebaseFunctionsCombine-Community */,
				F383C127294FBB9900D0C766 /* FirebaseInAppMessaging-Beta */,
				F383C129294FBB9900D0C766 /* FirebaseInAppMessagingSwift-Beta */,
				F383C12B294FBB9900D0C766 /* FirebaseInstallations */,
				F383C12D294FBB9900D0C766 /* FirebaseMLModelDownloader */,
				F383C12F294FBB9900D0C766 /* FirebaseMessaging */,
				F383C131294FBB9900D0C766 /* FirebasePerformance */,
				F383C133294FBB9900D0C766 /* FirebaseRemoteConfig */,
				F383C135294FBB9900D0C766 /* FirebaseRemoteConfigSwift */,
				F383C137294FBB9900D0C766 /* FirebaseStorage */,
				F383C139294FBB9900D0C766 /* FirebaseStorageCombine-Community */,
			);
			productName = bookworm;
			productReference = F383C0EB294FB77300D0C766 /* bookworm.app */;
			productType = "com.apple.product-type.application";
		};
/* End PBXNativeTarget section */

/* Begin PBXProject section */
		F383C0E3294FB77300D0C766 /* Project object */ = {
			isa = PBXProject;
			attributes = {
				BuildIndependentTargetsInParallel = 1;
				LastSwiftUpdateCheck = 1410;
				LastUpgradeCheck = 1410;
				TargetAttributes = {
					F383C0EA294FB77300D0C766 = {
						CreatedOnToolsVersion = 14.1;
					};
				};
			};
			buildConfigurationList = F383C0E6294FB77300D0C766 /* Build configuration list for PBXProject "bookworm" */;
			compatibilityVersion = "Xcode 14.0";
			developmentRegion = en;
			hasScannedForEncodings = 0;
			knownRegions = (
				en,
				Base,
			);
			mainGroup = F383C0E2294FB77300D0C766;
			packageReferences = (
				F383C104294FBB9900D0C766 /* XCRemoteSwiftPackageReference "firebase-ios-sdk" */,
			);
			productRefGroup = F383C0EC294FB77300D0C766 /* Products */;
			projectDirPath = "";
			projectRoot = "";
			targets = (
				F383C0EA294FB77300D0C766 /* bookworm */,
			);
		};
/* End PBXProject section */

/* Begin PBXResourcesBuildPhase section */
		F383C0E9294FB77300D0C766 /* Resources */ = {
			isa = PBXResourcesBuildPhase;
			buildActionMask = 2147483647;
			files = (
				F383C0FB294FB77500D0C766 /* LaunchScreen.storyboard in Resources */,
				F36FB5E5296C8E9C00D870DC /* Main.storyboard in Resources */,
				F383C103294FBA7400D0C766 /* GoogleService-Info.plist in Resources */,
				F383C0F8294FB77500D0C766 /* Assets.xcassets in Resources */,
				F383C0F6294FB77300D0C766 /* Login.storyboard in Resources */,
			);
			runOnlyForDeploymentPostprocessing = 0;
		};
/* End PBXResourcesBuildPhase section */

/* Begin PBXSourcesBuildPhase section */
		F383C0E7294FB77300D0C766 /* Sources */ = {
			isa = PBXSourcesBuildPhase;
			buildActionMask = 2147483647;
			files = (
				F3B290FD29635A9100934701 /* SignInViewController.swift in Sources */,
				F3B290FF29635AB800934701 /* RegisterViewController.swift in Sources */,
				F3B290FB2963445800934701 /* WelcomeViewController.swift in Sources */,
				F383C0EF294FB77300D0C766 /* AppDelegate.swift in Sources */,
				F383C0F1294FB77300D0C766 /* SceneDelegate.swift in Sources */,
				F36FB5E7296C910500D870DC /* HomeViewController.swift in Sources */,
			);
			runOnlyForDeploymentPostprocessing = 0;
		};
/* End PBXSourcesBuildPhase section */

/* Begin PBXVariantGroup section */
		F383C0F4294FB77300D0C766 /* Login.storyboard */ = {
			isa = PBXVariantGroup;
			children = (
				F383C0F5294FB77300D0C766 /* Base */,
			);
			name = Login.storyboard;
			sourceTree = "<group>";
		};
		F383C0F9294FB77500D0C766 /* LaunchScreen.storyboard */ = {
			isa = PBXVariantGroup;
			children = (
				F383C0FA294FB77500D0C766 /* Base */,
			);
			name = LaunchScreen.storyboard;
			sourceTree = "<group>";
		};
/* End PBXVariantGroup section */

/* Begin XCBuildConfiguration section */
		F383C0FD294FB77500D0C766 /* Debug */ = {
			isa = XCBuildConfiguration;
			buildSettings = {
				ALWAYS_SEARCH_USER_PATHS = NO;
				CLANG_ANALYZER_NONNULL = YES;
				CLANG_ANALYZER_NUMBER_OBJECT_CONVERSION = YES_AGGRESSIVE;
				CLANG_CXX_LANGUAGE_STANDARD = "gnu++20";
				CLANG_ENABLE_MODULES = YES;
				CLANG_ENABLE_OBJC_ARC = YES;
				CLANG_ENABLE_OBJC_WEAK = YES;
				CLANG_WARN_BLOCK_CAPTURE_AUTORELEASING = YES;
				CLANG_WARN_BOOL_CONVERSION = YES;
				CLANG_WARN_COMMA = YES;
				CLANG_WARN_CONSTANT_CONVERSION = YES;
				CLANG_WARN_DEPRECATED_OBJC_IMPLEMENTATIONS = YES;
				CLANG_WARN_DIRECT_OBJC_ISA_USAGE = YES_ERROR;
				CLANG_WARN_DOCUMENTATION_COMMENTS = YES;
				CLANG_WARN_EMPTY_BODY = YES;
				CLANG_WARN_ENUM_CONVERSION = YES;
				CLANG_WARN_INFINITE_RECURSION = YES;
				CLANG_WARN_INT_CONVERSION = YES;
				CLANG_WARN_NON_LITERAL_NULL_CONVERSION = YES;
				CLANG_WARN_OBJC_IMPLICIT_RETAIN_SELF = YES;
				CLANG_WARN_OBJC_LITERAL_CONVERSION = YES;
				CLANG_WARN_OBJC_ROOT_CLASS = YES_ERROR;
				CLANG_WARN_QUOTED_INCLUDE_IN_FRAMEWORK_HEADER = YES;
				CLANG_WARN_RANGE_LOOP_ANALYSIS = YES;
				CLANG_WARN_STRICT_PROTOTYPES = YES;
				CLANG_WARN_SUSPICIOUS_MOVE = YES;
				CLANG_WARN_UNGUARDED_AVAILABILITY = YES_AGGRESSIVE;
				CLANG_WARN_UNREACHABLE_CODE = YES;
				CLANG_WARN__DUPLICATE_METHOD_MATCH = YES;
				COPY_PHASE_STRIP = NO;
				DEBUG_INFORMATION_FORMAT = dwarf;
				ENABLE_STRICT_OBJC_MSGSEND = YES;
				ENABLE_TESTABILITY = YES;
				GCC_C_LANGUAGE_STANDARD = gnu11;
				GCC_DYNAMIC_NO_PIC = NO;
				GCC_NO_COMMON_BLOCKS = YES;
				GCC_OPTIMIZATION_LEVEL = 0;
				GCC_PREPROCESSOR_DEFINITIONS = (
					"DEBUG=1",
					"$(inherited)",
				);
				GCC_WARN_64_TO_32_BIT_CONVERSION = YES;
				GCC_WARN_ABOUT_RETURN_TYPE = YES_ERROR;
				GCC_WARN_UNDECLARED_SELECTOR = YES;
				GCC_WARN_UNINITIALIZED_AUTOS = YES_AGGRESSIVE;
				GCC_WARN_UNUSED_FUNCTION = YES;
				GCC_WARN_UNUSED_VARIABLE = YES;
				IPHONEOS_DEPLOYMENT_TARGET = 16.1;
				MTL_ENABLE_DEBUG_INFO = INCLUDE_SOURCE;
				MTL_FAST_MATH = YES;
				ONLY_ACTIVE_ARCH = YES;
				SDKROOT = iphoneos;
				SWIFT_ACTIVE_COMPILATION_CONDITIONS = DEBUG;
				SWIFT_OPTIMIZATION_LEVEL = "-Onone";
			};
			name = Debug;
		};
		F383C0FE294FB77500D0C766 /* Release */ = {
			isa = XCBuildConfiguration;
			buildSettings = {
				ALWAYS_SEARCH_USER_PATHS = NO;
				CLANG_ANALYZER_NONNULL = YES;
				CLANG_ANALYZER_NUMBER_OBJECT_CONVERSION = YES_AGGRESSIVE;
				CLANG_CXX_LANGUAGE_STANDARD = "gnu++20";
				CLANG_ENABLE_MODULES = YES;
				CLANG_ENABLE_OBJC_ARC = YES;
				CLANG_ENABLE_OBJC_WEAK = YES;
				CLANG_WARN_BLOCK_CAPTURE_AUTORELEASING = YES;
				CLANG_WARN_BOOL_CONVERSION = YES;
				CLANG_WARN_COMMA = YES;
				CLANG_WARN_CONSTANT_CONVERSION = YES;
				CLANG_WARN_DEPRECATED_OBJC_IMPLEMENTATIONS = YES;
				CLANG_WARN_DIRECT_OBJC_ISA_USAGE = YES_ERROR;
				CLANG_WARN_DOCUMENTATION_COMMENTS = YES;
				CLANG_WARN_EMPTY_BODY = YES;
				CLANG_WARN_ENUM_CONVERSION = YES;
				CLANG_WARN_INFINITE_RECURSION = YES;
				CLANG_WARN_INT_CONVERSION = YES;
				CLANG_WARN_NON_LITERAL_NULL_CONVERSION = YES;
				CLANG_WARN_OBJC_IMPLICIT_RETAIN_SELF = YES;
				CLANG_WARN_OBJC_LITERAL_CONVERSION = YES;
				CLANG_WARN_OBJC_ROOT_CLASS = YES_ERROR;
				CLANG_WARN_QUOTED_INCLUDE_IN_FRAMEWORK_HEADER = YES;
				CLANG_WARN_RANGE_LOOP_ANALYSIS = YES;
				CLANG_WARN_STRICT_PROTOTYPES = YES;
				CLANG_WARN_SUSPICIOUS_MOVE = YES;
				CLANG_WARN_UNGUARDED_AVAILABILITY = YES_AGGRESSIVE;
				CLANG_WARN_UNREACHABLE_CODE = YES;
				CLANG_WARN__DUPLICATE_METHOD_MATCH = YES;
				COPY_PHASE_STRIP = NO;
				DEBUG_INFORMATION_FORMAT = "dwarf-with-dsym";
				ENABLE_NS_ASSERTIONS = NO;
				ENABLE_STRICT_OBJC_MSGSEND = YES;
				GCC_C_LANGUAGE_STANDARD = gnu11;
				GCC_NO_COMMON_BLOCKS = YES;
				GCC_WARN_64_TO_32_BIT_CONVERSION = YES;
				GCC_WARN_ABOUT_RETURN_TYPE = YES_ERROR;
				GCC_WARN_UNDECLARED_SELECTOR = YES;
				GCC_WARN_UNINITIALIZED_AUTOS = YES_AGGRESSIVE;
				GCC_WARN_UNUSED_FUNCTION = YES;
				GCC_WARN_UNUSED_VARIABLE = YES;
				IPHONEOS_DEPLOYMENT_TARGET = 16.1;
				MTL_ENABLE_DEBUG_INFO = NO;
				MTL_FAST_MATH = YES;
				SDKROOT = iphoneos;
				SWIFT_COMPILATION_MODE = wholemodule;
				SWIFT_OPTIMIZATION_LEVEL = "-O";
				VALIDATE_PRODUCT = YES;
			};
			name = Release;
		};
		F383C100294FB77500D0C766 /* Debug */ = {
			isa = XCBuildConfiguration;
			buildSettings = {
				ASSETCATALOG_COMPILER_APPICON_NAME = AppIcon;
				ASSETCATALOG_COMPILER_GLOBAL_ACCENT_COLOR_NAME = AccentColor;
				ASSETCATALOG_COMPILER_INCLUDE_ALL_APPICON_ASSETS = YES;
				CODE_SIGN_STYLE = Automatic;
				CURRENT_PROJECT_VERSION = 1;
				DEVELOPMENT_TEAM = WNJ5B2GW9X;
				GENERATE_INFOPLIST_FILE = YES;
				INFOPLIST_FILE = bookworm/Info.plist;
				INFOPLIST_KEY_UIApplicationSupportsIndirectInputEvents = YES;
				INFOPLIST_KEY_UILaunchStoryboardName = LaunchScreen;
				INFOPLIST_KEY_UIMainStoryboardFile = Main;
				INFOPLIST_KEY_UISupportedInterfaceOrientations_iPad = "UIInterfaceOrientationPortrait UIInterfaceOrientationPortraitUpsideDown UIInterfaceOrientationLandscapeLeft UIInterfaceOrientationLandscapeRight";
				INFOPLIST_KEY_UISupportedInterfaceOrientations_iPhone = "UIInterfaceOrientationPortrait UIInterfaceOrientationLandscapeLeft UIInterfaceOrientationLandscapeRight";
				LD_RUNPATH_SEARCH_PATHS = (
					"$(inherited)",
					"@executable_path/Frameworks",
				);
				MARKETING_VERSION = 1.0;
				PRODUCT_BUNDLE_IDENTIFIER = com.tues.bookworm;
				PRODUCT_NAME = "$(TARGET_NAME)";
				SUPPORTED_PLATFORMS = "iphoneos iphonesimulator";
				SUPPORTS_MACCATALYST = NO;
				SUPPORTS_MAC_DESIGNED_FOR_IPHONE_IPAD = NO;
				SWIFT_EMIT_LOC_STRINGS = YES;
				SWIFT_VERSION = 5.0;
				TARGETED_DEVICE_FAMILY = 1;
			};
			name = Debug;
		};
		F383C101294FB77500D0C766 /* Release */ = {
			isa = XCBuildConfiguration;
			buildSettings = {
				ASSETCATALOG_COMPILER_APPICON_NAME = AppIcon;
				ASSETCATALOG_COMPILER_GLOBAL_ACCENT_COLOR_NAME = AccentColor;
				ASSETCATALOG_COMPILER_INCLUDE_ALL_APPICON_ASSETS = YES;
				CODE_SIGN_STYLE = Automatic;
				CURRENT_PROJECT_VERSION = 1;
				DEVELOPMENT_TEAM = WNJ5B2GW9X;
				GENERATE_INFOPLIST_FILE = YES;
				INFOPLIST_FILE = bookworm/Info.plist;
				INFOPLIST_KEY_UIApplicationSupportsIndirectInputEvents = YES;
				INFOPLIST_KEY_UILaunchStoryboardName = LaunchScreen;
				INFOPLIST_KEY_UIMainStoryboardFile = Main;
				INFOPLIST_KEY_UISupportedInterfaceOrientations_iPad = "UIInterfaceOrientationPortrait UIInterfaceOrientationPortraitUpsideDown UIInterfaceOrientationLandscapeLeft UIInterfaceOrientationLandscapeRight";
				INFOPLIST_KEY_UISupportedInterfaceOrientations_iPhone = "UIInterfaceOrientationPortrait UIInterfaceOrientationLandscapeLeft UIInterfaceOrientationLandscapeRight";
				LD_RUNPATH_SEARCH_PATHS = (
					"$(inherited)",
					"@executable_path/Frameworks",
				);
				MARKETING_VERSION = 1.0;
				PRODUCT_BUNDLE_IDENTIFIER = com.tues.bookworm;
				PRODUCT_NAME = "$(TARGET_NAME)";
				SUPPORTED_PLATFORMS = "iphoneos iphonesimulator";
				SUPPORTS_MACCATALYST = NO;
				SUPPORTS_MAC_DESIGNED_FOR_IPHONE_IPAD = NO;
				SWIFT_EMIT_LOC_STRINGS = YES;
				SWIFT_VERSION = 5.0;
				TARGETED_DEVICE_FAMILY = 1;
			};
			name = Release;
		};
/* End XCBuildConfiguration section */

/* Begin XCConfigurationList section */
		F383C0E6294FB77300D0C766 /* Build configuration list for PBXProject "bookworm" */ = {
			isa = XCConfigurationList;
			buildConfigurations = (
				F383C0FD294FB77500D0C766 /* Debug */,
				F383C0FE294FB77500D0C766 /* Release */,
			);
			defaultConfigurationIsVisible = 0;
			defaultConfigurationName = Release;
		};
		F383C0FF294FB77500D0C766 /* Build configuration list for PBXNativeTarget "bookworm" */ = {
			isa = XCConfigurationList;
			buildConfigurations = (
				F383C100294FB77500D0C766 /* Debug */,
				F383C101294FB77500D0C766 /* Release */,
			);
			defaultConfigurationIsVisible = 0;
			defaultConfigurationName = Release;
		};
/* End XCConfigurationList section */

/* Begin XCRemoteSwiftPackageReference section */
		F383C104294FBB9900D0C766 /* XCRemoteSwiftPackageReference "firebase-ios-sdk" */ = {
			isa = XCRemoteSwiftPackageReference;
			repositoryURL = "https://github.com/firebase/firebase-ios-sdk";
			requirement = {
				kind = upToNextMajorVersion;
				minimumVersion = 9.0.0;
			};
		};
/* End XCRemoteSwiftPackageReference section */

/* Begin XCSwiftPackageProductDependency section */
		F383C105294FBB9900D0C766 /* FirebaseAnalytics */ = {
			isa = XCSwiftPackageProductDependency;
			package = F383C104294FBB9900D0C766 /* XCRemoteSwiftPackageReference "firebase-ios-sdk" */;
			productName = FirebaseAnalytics;
		};
		F383C107294FBB9900D0C766 /* FirebaseAnalyticsOnDeviceConversion */ = {
			isa = XCSwiftPackageProductDependency;
			package = F383C104294FBB9900D0C766 /* XCRemoteSwiftPackageReference "firebase-ios-sdk" */;
			productName = FirebaseAnalyticsOnDeviceConversion;
		};
		F383C109294FBB9900D0C766 /* FirebaseAnalyticsSwift */ = {
			isa = XCSwiftPackageProductDependency;
			package = F383C104294FBB9900D0C766 /* XCRemoteSwiftPackageReference "firebase-ios-sdk" */;
			productName = FirebaseAnalyticsSwift;
		};
		F383C10B294FBB9900D0C766 /* FirebaseAnalyticsWithoutAdIdSupport */ = {
			isa = XCSwiftPackageProductDependency;
			package = F383C104294FBB9900D0C766 /* XCRemoteSwiftPackageReference "firebase-ios-sdk" */;
			productName = FirebaseAnalyticsWithoutAdIdSupport;
		};
		F383C10D294FBB9900D0C766 /* FirebaseAppCheck */ = {
			isa = XCSwiftPackageProductDependency;
			package = F383C104294FBB9900D0C766 /* XCRemoteSwiftPackageReference "firebase-ios-sdk" */;
			productName = FirebaseAppCheck;
		};
		F383C10F294FBB9900D0C766 /* FirebaseAppDistribution-Beta */ = {
			isa = XCSwiftPackageProductDependency;
			package = F383C104294FBB9900D0C766 /* XCRemoteSwiftPackageReference "firebase-ios-sdk" */;
			productName = "FirebaseAppDistribution-Beta";
		};
		F383C111294FBB9900D0C766 /* FirebaseAuth */ = {
			isa = XCSwiftPackageProductDependency;
			package = F383C104294FBB9900D0C766 /* XCRemoteSwiftPackageReference "firebase-ios-sdk" */;
			productName = FirebaseAuth;
		};
		F383C113294FBB9900D0C766 /* FirebaseAuthCombine-Community */ = {
			isa = XCSwiftPackageProductDependency;
			package = F383C104294FBB9900D0C766 /* XCRemoteSwiftPackageReference "firebase-ios-sdk" */;
			productName = "FirebaseAuthCombine-Community";
		};
		F383C115294FBB9900D0C766 /* FirebaseCrashlytics */ = {
			isa = XCSwiftPackageProductDependency;
			package = F383C104294FBB9900D0C766 /* XCRemoteSwiftPackageReference "firebase-ios-sdk" */;
			productName = FirebaseCrashlytics;
		};
		F383C117294FBB9900D0C766 /* FirebaseDatabase */ = {
			isa = XCSwiftPackageProductDependency;
			package = F383C104294FBB9900D0C766 /* XCRemoteSwiftPackageReference "firebase-ios-sdk" */;
			productName = FirebaseDatabase;
		};
		F383C119294FBB9900D0C766 /* FirebaseDatabaseSwift */ = {
			isa = XCSwiftPackageProductDependency;
			package = F383C104294FBB9900D0C766 /* XCRemoteSwiftPackageReference "firebase-ios-sdk" */;
			productName = FirebaseDatabaseSwift;
		};
		F383C11B294FBB9900D0C766 /* FirebaseDynamicLinks */ = {
			isa = XCSwiftPackageProductDependency;
			package = F383C104294FBB9900D0C766 /* XCRemoteSwiftPackageReference "firebase-ios-sdk" */;
			productName = FirebaseDynamicLinks;
		};
		F383C11D294FBB9900D0C766 /* FirebaseFirestore */ = {
			isa = XCSwiftPackageProductDependency;
			package = F383C104294FBB9900D0C766 /* XCRemoteSwiftPackageReference "firebase-ios-sdk" */;
			productName = FirebaseFirestore;
		};
		F383C11F294FBB9900D0C766 /* FirebaseFirestoreCombine-Community */ = {
			isa = XCSwiftPackageProductDependency;
			package = F383C104294FBB9900D0C766 /* XCRemoteSwiftPackageReference "firebase-ios-sdk" */;
			productName = "FirebaseFirestoreCombine-Community";
		};
		F383C121294FBB9900D0C766 /* FirebaseFirestoreSwift */ = {
			isa = XCSwiftPackageProductDependency;
			package = F383C104294FBB9900D0C766 /* XCRemoteSwiftPackageReference "firebase-ios-sdk" */;
			productName = FirebaseFirestoreSwift;
		};
		F383C123294FBB9900D0C766 /* FirebaseFunctions */ = {
			isa = XCSwiftPackageProductDependency;
			package = F383C104294FBB9900D0C766 /* XCRemoteSwiftPackageReference "firebase-ios-sdk" */;
			productName = FirebaseFunctions;
		};
		F383C125294FBB9900D0C766 /* FirebaseFunctionsCombine-Community */ = {
			isa = XCSwiftPackageProductDependency;
			package = F383C104294FBB9900D0C766 /* XCRemoteSwiftPackageReference "firebase-ios-sdk" */;
			productName = "FirebaseFunctionsCombine-Community";
		};
		F383C127294FBB9900D0C766 /* FirebaseInAppMessaging-Beta */ = {
			isa = XCSwiftPackageProductDependency;
			package = F383C104294FBB9900D0C766 /* XCRemoteSwiftPackageReference "firebase-ios-sdk" */;
			productName = "FirebaseInAppMessaging-Beta";
		};
		F383C129294FBB9900D0C766 /* FirebaseInAppMessagingSwift-Beta */ = {
			isa = XCSwiftPackageProductDependency;
			package = F383C104294FBB9900D0C766 /* XCRemoteSwiftPackageReference "firebase-ios-sdk" */;
			productName = "FirebaseInAppMessagingSwift-Beta";
		};
		F383C12B294FBB9900D0C766 /* FirebaseInstallations */ = {
			isa = XCSwiftPackageProductDependency;
			package = F383C104294FBB9900D0C766 /* XCRemoteSwiftPackageReference "firebase-ios-sdk" */;
			productName = FirebaseInstallations;
		};
		F383C12D294FBB9900D0C766 /* FirebaseMLModelDownloader */ = {
			isa = XCSwiftPackageProductDependency;
			package = F383C104294FBB9900D0C766 /* XCRemoteSwiftPackageReference "firebase-ios-sdk" */;
			productName = FirebaseMLModelDownloader;
		};
		F383C12F294FBB9900D0C766 /* FirebaseMessaging */ = {
			isa = XCSwiftPackageProductDependency;
			package = F383C104294FBB9900D0C766 /* XCRemoteSwiftPackageReference "firebase-ios-sdk" */;
			productName = FirebaseMessaging;
		};
		F383C131294FBB9900D0C766 /* FirebasePerformance */ = {
			isa = XCSwiftPackageProductDependency;
			package = F383C104294FBB9900D0C766 /* XCRemoteSwiftPackageReference "firebase-ios-sdk" */;
			productName = FirebasePerformance;
		};
		F383C133294FBB9900D0C766 /* FirebaseRemoteConfig */ = {
			isa = XCSwiftPackageProductDependency;
			package = F383C104294FBB9900D0C766 /* XCRemoteSwiftPackageReference "firebase-ios-sdk" */;
			productName = FirebaseRemoteConfig;
		};
		F383C135294FBB9900D0C766 /* FirebaseRemoteConfigSwift */ = {
			isa = XCSwiftPackageProductDependency;
			package = F383C104294FBB9900D0C766 /* XCRemoteSwiftPackageReference "firebase-ios-sdk" */;
			productName = FirebaseRemoteConfigSwift;
		};
		F383C137294FBB9900D0C766 /* FirebaseStorage */ = {
			isa = XCSwiftPackageProductDependency;
			package = F383C104294FBB9900D0C766 /* XCRemoteSwiftPackageReference "firebase-ios-sdk" */;
			productName = FirebaseStorage;
		};
		F383C139294FBB9900D0C766 /* FirebaseStorageCombine-Community */ = {
			isa = XCSwiftPackageProductDependency;
			package = F383C104294FBB9900D0C766 /* XCRemoteSwiftPackageReference "firebase-ios-sdk" */;
			productName = "FirebaseStorageCombine-Community";
		};
/* End XCSwiftPackageProductDependency section */
	};
	rootObject = F383C0E3294FB77300D0C766 /* Project object */;
}
